// !$*UTF8*$!
{
	archiveVersion = 1;
	classes = {
	};
	objectVersion = 56;
	objects = {

/* Begin PBXBuildFile section */
		9119837C2E42C3460040C992 /* TokenStore.swift in Sources */ = {isa = PBXBuildFile; fileRef = 9119837B2E42C3460040C992 /* TokenStore.swift */; };
		9119837F2E42C3CC0040C992 /* KeychainSwift in Frameworks */ = {isa = PBXBuildFile; productRef = 9119837E2E42C3CC0040C992 /* KeychainSwift */; };
		911983822E42C5AD0040C992 /* AuthService.swift in Sources */ = {isa = PBXBuildFile; fileRef = 911983812E42C5AD0040C992 /* AuthService.swift */; };
		911B835D2E3BDA2A00281364 /* HomeViewModel.swift in Sources */ = {isa = PBXBuildFile; fileRef = 911B835C2E3BDA2A00281364 /* HomeViewModel.swift */; };
		911B83612E3BE67400281364 /* MainAppView.swift in Sources */ = {isa = PBXBuildFile; fileRef = 911B83602E3BE67400281364 /* MainAppView.swift */; };
		911B83642E3BFBD700281364 /* LoginViewModel.swift in Sources */ = {isa = PBXBuildFile; fileRef = 911B83632E3BFBD700281364 /* LoginViewModel.swift */; };
		911BF2F02E43C3E400CEEAB0 /* SavedRoutesView.swift in Sources */ = {isa = PBXBuildFile; fileRef = 911BF2EF2E43C3E400CEEAB0 /* SavedRoutesView.swift */; };
		911BF2F32E43CACB00CEEAB0 /* VeloRoundedCorner.swift in Sources */ = {isa = PBXBuildFile; fileRef = 911BF2F22E43CACB00CEEAB0 /* VeloRoundedCorner.swift */; };
		91A50B212E3C603C0010E208 /* Font.swift in Sources */ = {isa = PBXBuildFile; fileRef = 91A50B202E3C603C0010E208 /* Font.swift */; };
		91A50B272E3C63C60010E208 /* Outfit-VariableFont_wght.ttf in Resources */ = {isa = PBXBuildFile; fileRef = 91A50B262E3C63C60010E208 /* Outfit-VariableFont_wght.ttf */; };
		91A50B2A2E3C642C0010E208 /* VeloTextField.swift in Sources */ = {isa = PBXBuildFile; fileRef = 91A50B292E3C642C0010E208 /* VeloTextField.swift */; };
		91A5B65A2E3B058900038DE9 /* VeloiOSApp.swift in Sources */ = {isa = PBXBuildFile; fileRef = 91A5B6592E3B058900038DE9 /* VeloiOSApp.swift */; };
		91A5B65E2E3B058D00038DE9 /* Assets.xcassets in Resources */ = {isa = PBXBuildFile; fileRef = 91A5B65D2E3B058D00038DE9 /* Assets.xcassets */; };
		91A5B6612E3B058D00038DE9 /* Preview Assets.xcassets in Resources */ = {isa = PBXBuildFile; fileRef = 91A5B6602E3B058D00038DE9 /* Preview Assets.xcassets */; };
		91A5B66B2E3B058E00038DE9 /* VeloiOSAppTests.swift in Sources */ = {isa = PBXBuildFile; fileRef = 91A5B66A2E3B058E00038DE9 /* VeloiOSAppTests.swift */; };
		91A5B6752E3B058E00038DE9 /* VeloiOSAppUITests.swift in Sources */ = {isa = PBXBuildFile; fileRef = 91A5B6742E3B058E00038DE9 /* VeloiOSAppUITests.swift */; };
		91A5B6772E3B058E00038DE9 /* VeloiOSAppUITestsLaunchTests.swift in Sources */ = {isa = PBXBuildFile; fileRef = 91A5B6762E3B058E00038DE9 /* VeloiOSAppUITestsLaunchTests.swift */; };
		91A5B6852E3B07A700038DE9 /* NavigationRouter.swift in Sources */ = {isa = PBXBuildFile; fileRef = 91A5B6842E3B07A700038DE9 /* NavigationRouter.swift */; };
		91A5B68A2E3B088F00038DE9 /* HomeView.swift in Sources */ = {isa = PBXBuildFile; fileRef = 91A5B6892E3B088F00038DE9 /* HomeView.swift */; };
		91A5B68E2E3B0A4400038DE9 /* LoginView.swift in Sources */ = {isa = PBXBuildFile; fileRef = 91A5B68D2E3B0A4400038DE9 /* LoginView.swift */; };
		91A5B6922E3B0EBC00038DE9 /* MapsLocationService.swift in Sources */ = {isa = PBXBuildFile; fileRef = 91A5B6912E3B0EBC00038DE9 /* MapsLocationService.swift */; };
		E50795332ECEAA6500C3F641 /* LocationStore.swift in Sources */ = {isa = PBXBuildFile; fileRef = E50795322ECEAA5B00C3F641 /* LocationStore.swift */; };
		E50795362ECEAB6500C3F641 /* TargetLocation.swift in Sources */ = {isa = PBXBuildFile; fileRef = E50795352ECEAB6500C3F641 /* TargetLocation.swift */; };
		E51914AF2ED0D2F100D9BD83 /* RoutesStore.swift in Sources */ = {isa = PBXBuildFile; fileRef = E51914AE2ED0D2ED00D9BD83 /* RoutesStore.swift */; };
		E51FDF5A2ED6186F00E2842B /* Events+Endpoint.swift in Sources */ = {isa = PBXBuildFile; fileRef = E51FDF582ED6186F00E2842B /* Events+Endpoint.swift */; };
		E51FDF5B2ED6186F00E2842B /* Subscription.swift in Sources */ = {isa = PBXBuildFile; fileRef = E51FDF552ED6186F00E2842B /* Subscription.swift */; };
		E51FDF5C2ED6186F00E2842B /* Events+APIClient.swift in Sources */ = {isa = PBXBuildFile; fileRef = E51FDF572ED6186F00E2842B /* Events+APIClient.swift */; };
		E51FDF5D2ED6186F00E2842B /* Event.swift in Sources */ = {isa = PBXBuildFile; fileRef = E51FDF542ED6186F00E2842B /* Event.swift */; };
		E53FEFCB2ED2544F00223355 /* Notifications.swift in Sources */ = {isa = PBXBuildFile; fileRef = E53FEFCA2ED2544C00223355 /* Notifications.swift */; };
		E54008732E503FFF00AF4B34 /* SearchView.swift in Sources */ = {isa = PBXBuildFile; fileRef = E54008722E503FFF00AF4B34 /* SearchView.swift */; };
		E54483C42ECCE92900E34870 /* ViewDestination.swift in Sources */ = {isa = PBXBuildFile; fileRef = E54483C32ECCE91E00E34870 /* ViewDestination.swift */; };
		E54483C72ECCED8A00E34870 /* ViewExtensions.swift in Sources */ = {isa = PBXBuildFile; fileRef = E54483C62ECCED8600E34870 /* ViewExtensions.swift */; };
		E55209352EA133D000382679 /* VeloRouteCard.swift in Sources */ = {isa = PBXBuildFile; fileRef = E55209332EA133CB00382679 /* VeloRouteCard.swift */; };
		E55662F92EC3B6E400290475 /* Kingfisher in Frameworks */ = {isa = PBXBuildFile; productRef = E55662F82EC3B6E400290475 /* Kingfisher */; };
		E55662FC2EC3C01200290475 /* VeloCommonToolbar.swift in Sources */ = {isa = PBXBuildFile; fileRef = E55662FB2EC3C00A00290475 /* VeloCommonToolbar.swift */; };
		E5591A7B2EAFE4000075A8DF /* VeloEventCodeComponent.swift in Sources */ = {isa = PBXBuildFile; fileRef = E5591A7A2EAFE3E30075A8DF /* VeloEventCodeComponent.swift */; };
		E56C8FF32ECF7669002312D3 /* (null) in Frameworks */ = {isa = PBXBuildFile; };
		E56C8FF42ECF7669002312D3 /* (null) in Frameworks */ = {isa = PBXBuildFile; };
		E56C8FF72ECF76EC002312D3 /* TabStore.swift in Sources */ = {isa = PBXBuildFile; fileRef = E56C8FF62ECF76E4002312D3 /* TabStore.swift */; };
		E56C8FF92ECF7735002312D3 /* Tabs.swift in Sources */ = {isa = PBXBuildFile; fileRef = E56C8FF82ECF7735002312D3 /* Tabs.swift */; };
		E56C8FFB2ECF96D8002312D3 /* SheetStore.swift in Sources */ = {isa = PBXBuildFile; fileRef = E56C8FFA2ECF96CA002312D3 /* SheetStore.swift */; };
		E56C8FFD2ECF96E9002312D3 /* Sheets.swift in Sources */ = {isa = PBXBuildFile; fileRef = E56C8FFC2ECF96E9002312D3 /* Sheets.swift */; };
		E56C8FFF2ECF9946002312D3 /* StartRouteView.swift in Sources */ = {isa = PBXBuildFile; fileRef = E56C8FFE2ECF993A002312D3 /* StartRouteView.swift */; };
		E5733F962ED7E1DE00284FB1 /* RegisterView.swift in Sources */ = {isa = PBXBuildFile; fileRef = E5733F952ED7E1DE00284FB1 /* RegisterView.swift */; };
		E5733F982ED7E1FD00284FB1 /* RegisterViewModel.swift in Sources */ = {isa = PBXBuildFile; fileRef = E5733F972ED7E1FD00284FB1 /* RegisterViewModel.swift */; };
		E581D0232ED7F3C700F65B27 /* UserProfileService.swift in Sources */ = {isa = PBXBuildFile; fileRef = E581D0212ED7F3C700F65B27 /* UserProfileService.swift */; };
		E581D0292ED7F3D800F65B27 /* UserProfileView.swift in Sources */ = {isa = PBXBuildFile; fileRef = E581D0242ED7F3D800F65B27 /* UserProfileView.swift */; };
		E581D02A2ED7F3D800F65B27 /* UserProfileViewModel.swift in Sources */ = {isa = PBXBuildFile; fileRef = E581D0262ED7F3D800F65B27 /* UserProfileViewModel.swift */; };
		E589BD462EA13B9A003568E6 /* GoogleMapsView.swift in Sources */ = {isa = PBXBuildFile; fileRef = E589BD452EA13B84003568E6 /* GoogleMapsView.swift */; };
		E58D21752EABEE4700FF5EF5 /* VeloButton.swift in Sources */ = {isa = PBXBuildFile; fileRef = E58D21742EABEE3E00FF5EF5 /* VeloButton.swift */; };
		E59F59302EC667720037A8A4 /* Route.swift in Sources */ = {isa = PBXBuildFile; fileRef = E59F592F2EC6676A0037A8A4 /* Route.swift */; };
		E59F59322EC6691A0037A8A4 /* Tracks.swift in Sources */ = {isa = PBXBuildFile; fileRef = E59F59312EC669150037A8A4 /* Tracks.swift */; };
		E5AC973A2E71EBEA00B27508 /* SavedRoutesViewModel.swift in Sources */ = {isa = PBXBuildFile; fileRef = E5AC97392E71EBDD00B27508 /* SavedRoutesViewModel.swift */; };
		E5AC973F2E71F03600B27508 /* DateExtensions.swift in Sources */ = {isa = PBXBuildFile; fileRef = E5AC973E2E71F02E00B27508 /* DateExtensions.swift */; };
		E5B24BE82ED22B74002EFB56 /* RefreshTokenResponse.swift in Sources */ = {isa = PBXBuildFile; fileRef = E5B24BE72ED22B6F002EFB56 /* RefreshTokenResponse.swift */; };
		E5B582F52EC145B5000A6A1B /* User+Endpoint.swift in Sources */ = {isa = PBXBuildFile; fileRef = E5B582F42EC145B0000A6A1B /* User+Endpoint.swift */; };
		E5B582F82EC149E6000A6A1B /* DataExtensions.swift in Sources */ = {isa = PBXBuildFile; fileRef = E5B582F72EC149E0000A6A1B /* DataExtensions.swift */; };
		E5B582FA2EC14A88000A6A1B /* User+APIClient.swift in Sources */ = {isa = PBXBuildFile; fileRef = E5B582F92EC14A80000A6A1B /* User+APIClient.swift */; };
		E5B582FC2EC14AFF000A6A1B /* User.swift in Sources */ = {isa = PBXBuildFile; fileRef = E5B582FB2EC14AF9000A6A1B /* User.swift */; };
		E5B582FE2EC14B18000A6A1B /* Role.swift in Sources */ = {isa = PBXBuildFile; fileRef = E5B582FD2EC14B16000A6A1B /* Role.swift */; };
		E5B583022EC14B34000A6A1B /* LoginKeyResponse.swift in Sources */ = {isa = PBXBuildFile; fileRef = E5B583012EC14B34000A6A1B /* LoginKeyResponse.swift */; };
		E5B583042EC14B3A000A6A1B /* LoginTokenResponse.swift in Sources */ = {isa = PBXBuildFile; fileRef = E5B583032EC14B3A000A6A1B /* LoginTokenResponse.swift */; };
		E5B583062EC14B46000A6A1B /* RegisterResponse.swift in Sources */ = {isa = PBXBuildFile; fileRef = E5B583052EC14B46000A6A1B /* RegisterResponse.swift */; };
		E5B583082EC14B52000A6A1B /* StatusResponse.swift in Sources */ = {isa = PBXBuildFile; fileRef = E5B583072EC14B52000A6A1B /* StatusResponse.swift */; };
		E5B5830C2EC15332000A6A1B /* MFAView.swift in Sources */ = {isa = PBXBuildFile; fileRef = E5B5830B2EC15327000A6A1B /* MFAView.swift */; };
		E5B5E0252EAAF045000D15D5 /* DetailedEventView.swift in Sources */ = {isa = PBXBuildFile; fileRef = E5B5E0242EAAF03D000D15D5 /* DetailedEventView.swift */; };
		E5B5F6102E8D9D8100A61167 /* CommunitiesView.swift in Sources */ = {isa = PBXBuildFile; fileRef = E5B5F60F2E8D9D7B00A61167 /* CommunitiesView.swift */; };
		E5B5F6132E8D9DE200A61167 /* VeloPostComponent.swift in Sources */ = {isa = PBXBuildFile; fileRef = E5B5F6122E8D9DD600A61167 /* VeloPostComponent.swift */; };
		E5B5F6152E8DA02C00A61167 /* CommunitiesViewModel.swift in Sources */ = {isa = PBXBuildFile; fileRef = E5B5F6142E8DA02700A61167 /* CommunitiesViewModel.swift */; };
		E5B5F6192E8DA15600A61167 /* PostResponseModel.swift in Sources */ = {isa = PBXBuildFile; fileRef = E5B5F6182E8DA14E00A61167 /* PostResponseModel.swift */; };
		E5D24FA12EA9471B00FEEEF5 /* GoogleMaps in Frameworks */ = {isa = PBXBuildFile; productRef = E5D24FA02EA9471B00FEEEF5 /* GoogleMaps */; };
		E5D24FAB2EA94E1000FEEEF5 /* VeloEventComponent.swift in Sources */ = {isa = PBXBuildFile; fileRef = E5D24FAA2EA94E0800FEEEF5 /* VeloEventComponent.swift */; };
		E5D24FAD2EA9504100FEEEF5 /* EventsViewModel.swift in Sources */ = {isa = PBXBuildFile; fileRef = E5D24FAC2EA9503700FEEEF5 /* EventsViewModel.swift */; };
		E5D24FAF2EA951AE00FEEEF5 /* EventsView.swift in Sources */ = {isa = PBXBuildFile; fileRef = E5D24FAE2EA951A900FEEEF5 /* EventsView.swift */; };
		E5D5E48B2ECE329B00C4FFC4 /* GoogleMaps+PlaceManager.swift in Sources */ = {isa = PBXBuildFile; fileRef = E5D5E48A2ECE328E00C4FFC4 /* GoogleMaps+PlaceManager.swift */; };
		E5D5E48E2ECE33B100C4FFC4 /* GooglePlaces in Frameworks */ = {isa = PBXBuildFile; productRef = E5D5E48D2ECE33B100C4FFC4 /* GooglePlaces */; };
		E5D5E4902ECE33B100C4FFC4 /* GooglePlacesSwift in Frameworks */ = {isa = PBXBuildFile; productRef = E5D5E48F2ECE33B100C4FFC4 /* GooglePlacesSwift */; };
		E5D5E4942ECE35D900C4FFC4 /* SearchViewModel.swift in Sources */ = {isa = PBXBuildFile; fileRef = E5D5E4922ECE35D500C4FFC4 /* SearchViewModel.swift */; };
		E5DA7F092EC2E0AB0052D0F1 /* MFAKeyStore.swift in Sources */ = {isa = PBXBuildFile; fileRef = E5DA7F082EC2E0A00052D0F1 /* MFAKeyStore.swift */; };
		E5E07EAE2EC6582D0021A887 /* Routes+Endpoint.swift in Sources */ = {isa = PBXBuildFile; fileRef = E5E07EAD2EC658270021A887 /* Routes+Endpoint.swift */; };
		E5E07EB02EC658360021A887 /* Routes+APIClient.swift in Sources */ = {isa = PBXBuildFile; fileRef = E5E07EAF2EC658310021A887 /* Routes+APIClient.swift */; };
		E5E07EB32EC65A290021A887 /* Track.swift in Sources */ = {isa = PBXBuildFile; fileRef = E5E07EB22EC65A240021A887 /* Track.swift */; };
		E5F9B9FF2EBFFE290035244D /* Endpoint.swift in Sources */ = {isa = PBXBuildFile; fileRef = E5F9B9FE2EBFFE250035244D /* Endpoint.swift */; };
		E5F9BA012EBFFF3F0035244D /* APIClient.swift in Sources */ = {isa = PBXBuildFile; fileRef = E5F9BA002EBFFF3D0035244D /* APIClient.swift */; };
		E5F9BA062EC008C30035244D /* SocialMedia+APIClient.swift in Sources */ = {isa = PBXBuildFile; fileRef = E5F9BA052EC008BD0035244D /* SocialMedia+APIClient.swift */; };
		E5F9BA092EC00F040035244D /* SocialMedia+Endpoint.swift in Sources */ = {isa = PBXBuildFile; fileRef = E5F9BA082EC00EFE0035244D /* SocialMedia+Endpoint.swift */; };
		E5F9BA0C2EC00FCA0035244D /* Feed.swift in Sources */ = {isa = PBXBuildFile; fileRef = E5F9BA0B2EC00FC50035244D /* Feed.swift */; };
		E5F9BA0E2EC010350035244D /* Hashtag.swift in Sources */ = {isa = PBXBuildFile; fileRef = E5F9BA0D2EC010310035244D /* Hashtag.swift */; };
		E5F9BA102EC010510035244D /* Community.swift in Sources */ = {isa = PBXBuildFile; fileRef = E5F9BA0F2EC0104B0035244D /* Community.swift */; };
		E5F9BA122EC0115C0035244D /* Comment.swift in Sources */ = {isa = PBXBuildFile; fileRef = E5F9BA112EC011590035244D /* Comment.swift */; };
		E5F9BA142EC012130035244D /* Member.swift in Sources */ = {isa = PBXBuildFile; fileRef = E5F9BA132EC012100035244D /* Member.swift */; };
		E5F9BA162EC012810035244D /* Follower.swift in Sources */ = {isa = PBXBuildFile; fileRef = E5F9BA152EC0127E0035244D /* Follower.swift */; };
		E5F9BA182EC014830035244D /* UsersLiked.swift in Sources */ = {isa = PBXBuildFile; fileRef = E5F9BA172EC0147B0035244D /* UsersLiked.swift */; };
		FA4282DB96994AE6A693A788 /* Sentry in Frameworks */ = {isa = PBXBuildFile; productRef = 1367FB6B34374FD7AE81F823 /* Sentry */; };
/* End PBXBuildFile section */

/* Begin PBXContainerItemProxy section */
		91A5B6672E3B058E00038DE9 /* PBXContainerItemProxy */ = {
			isa = PBXContainerItemProxy;
			containerPortal = 91A5B64E2E3B058900038DE9 /* Project object */;
			proxyType = 1;
			remoteGlobalIDString = 91A5B6552E3B058900038DE9;
			remoteInfo = VeloiOSApp;
		};
		91A5B6712E3B058E00038DE9 /* PBXContainerItemProxy */ = {
			isa = PBXContainerItemProxy;
			containerPortal = 91A5B64E2E3B058900038DE9 /* Project object */;
			proxyType = 1;
			remoteGlobalIDString = 91A5B6552E3B058900038DE9;
			remoteInfo = VeloiOSApp;
		};
/* End PBXContainerItemProxy section */

/* Begin PBXFileReference section */
		9119837B2E42C3460040C992 /* TokenStore.swift */ = {isa = PBXFileReference; lastKnownFileType = sourcecode.swift; path = TokenStore.swift; sourceTree = "<group>"; };
		911983812E42C5AD0040C992 /* AuthService.swift */ = {isa = PBXFileReference; lastKnownFileType = sourcecode.swift; path = AuthService.swift; sourceTree = "<group>"; };
		911B835C2E3BDA2A00281364 /* HomeViewModel.swift */ = {isa = PBXFileReference; lastKnownFileType = sourcecode.swift; path = HomeViewModel.swift; sourceTree = "<group>"; };
		911B83602E3BE67400281364 /* MainAppView.swift */ = {isa = PBXFileReference; lastKnownFileType = sourcecode.swift; path = MainAppView.swift; sourceTree = "<group>"; };
		911B83632E3BFBD700281364 /* LoginViewModel.swift */ = {isa = PBXFileReference; lastKnownFileType = sourcecode.swift; path = LoginViewModel.swift; sourceTree = "<group>"; };
		911BF2EF2E43C3E400CEEAB0 /* SavedRoutesView.swift */ = {isa = PBXFileReference; lastKnownFileType = sourcecode.swift; path = SavedRoutesView.swift; sourceTree = "<group>"; };
		911BF2F22E43CACB00CEEAB0 /* VeloRoundedCorner.swift */ = {isa = PBXFileReference; lastKnownFileType = sourcecode.swift; path = VeloRoundedCorner.swift; sourceTree = "<group>"; };
		91A50B1F2E3C5F9C0010E208 /* Info.plist */ = {isa = PBXFileReference; lastKnownFileType = text.plist; path = Info.plist; sourceTree = "<group>"; };
		91A50B202E3C603C0010E208 /* Font.swift */ = {isa = PBXFileReference; lastKnownFileType = sourcecode.swift; path = Font.swift; sourceTree = "<group>"; };
		91A50B262E3C63C60010E208 /* Outfit-VariableFont_wght.ttf */ = {isa = PBXFileReference; lastKnownFileType = file; name = "Outfit-VariableFont_wght.ttf"; path = "VeloiOSApp/App/Fonts/Outfit-VariableFont_wght.ttf"; sourceTree = "<group>"; };
		91A50B292E3C642C0010E208 /* VeloTextField.swift */ = {isa = PBXFileReference; lastKnownFileType = sourcecode.swift; path = VeloTextField.swift; sourceTree = "<group>"; };
		91A5B6562E3B058900038DE9 /* Velo.app */ = {isa = PBXFileReference; explicitFileType = wrapper.application; includeInIndex = 0; path = Velo.app; sourceTree = BUILT_PRODUCTS_DIR; };
		91A5B6592E3B058900038DE9 /* VeloiOSApp.swift */ = {isa = PBXFileReference; lastKnownFileType = sourcecode.swift; path = VeloiOSApp.swift; sourceTree = "<group>"; };
		91A5B65D2E3B058D00038DE9 /* Assets.xcassets */ = {isa = PBXFileReference; lastKnownFileType = folder.assetcatalog; path = Assets.xcassets; sourceTree = "<group>"; };
		91A5B6602E3B058D00038DE9 /* Preview Assets.xcassets */ = {isa = PBXFileReference; lastKnownFileType = folder.assetcatalog; path = "Preview Assets.xcassets"; sourceTree = "<group>"; };
		91A5B6662E3B058E00038DE9 /* VeloiOSAppTests.xctest */ = {isa = PBXFileReference; explicitFileType = wrapper.cfbundle; includeInIndex = 0; path = VeloiOSAppTests.xctest; sourceTree = BUILT_PRODUCTS_DIR; };
		91A5B66A2E3B058E00038DE9 /* VeloiOSAppTests.swift */ = {isa = PBXFileReference; lastKnownFileType = sourcecode.swift; path = VeloiOSAppTests.swift; sourceTree = "<group>"; };
		91A5B6702E3B058E00038DE9 /* VeloiOSAppUITests.xctest */ = {isa = PBXFileReference; explicitFileType = wrapper.cfbundle; includeInIndex = 0; path = VeloiOSAppUITests.xctest; sourceTree = BUILT_PRODUCTS_DIR; };
		91A5B6742E3B058E00038DE9 /* VeloiOSAppUITests.swift */ = {isa = PBXFileReference; lastKnownFileType = sourcecode.swift; path = VeloiOSAppUITests.swift; sourceTree = "<group>"; };
		91A5B6762E3B058E00038DE9 /* VeloiOSAppUITestsLaunchTests.swift */ = {isa = PBXFileReference; lastKnownFileType = sourcecode.swift; path = VeloiOSAppUITestsLaunchTests.swift; sourceTree = "<group>"; };
		91A5B6842E3B07A700038DE9 /* NavigationRouter.swift */ = {isa = PBXFileReference; lastKnownFileType = sourcecode.swift; path = NavigationRouter.swift; sourceTree = "<group>"; };
		91A5B6892E3B088F00038DE9 /* HomeView.swift */ = {isa = PBXFileReference; lastKnownFileType = sourcecode.swift; path = HomeView.swift; sourceTree = "<group>"; };
		91A5B68D2E3B0A4400038DE9 /* LoginView.swift */ = {isa = PBXFileReference; lastKnownFileType = sourcecode.swift; path = LoginView.swift; sourceTree = "<group>"; };
		91A5B6912E3B0EBC00038DE9 /* MapsLocationService.swift */ = {isa = PBXFileReference; lastKnownFileType = sourcecode.swift; path = MapsLocationService.swift; sourceTree = "<group>"; };
		E50795322ECEAA5B00C3F641 /* LocationStore.swift */ = {isa = PBXFileReference; lastKnownFileType = sourcecode.swift; path = LocationStore.swift; sourceTree = "<group>"; };
		E50795352ECEAB6500C3F641 /* TargetLocation.swift */ = {isa = PBXFileReference; lastKnownFileType = sourcecode.swift; path = TargetLocation.swift; sourceTree = "<group>"; };
		E51914AE2ED0D2ED00D9BD83 /* RoutesStore.swift */ = {isa = PBXFileReference; lastKnownFileType = sourcecode.swift; path = RoutesStore.swift; sourceTree = "<group>"; };
		E51FDF542ED6186F00E2842B /* Event.swift */ = {isa = PBXFileReference; lastKnownFileType = sourcecode.swift; path = Event.swift; sourceTree = "<group>"; };
		E51FDF552ED6186F00E2842B /* Subscription.swift */ = {isa = PBXFileReference; lastKnownFileType = sourcecode.swift; path = Subscription.swift; sourceTree = "<group>"; };
		E51FDF572ED6186F00E2842B /* Events+APIClient.swift */ = {isa = PBXFileReference; lastKnownFileType = sourcecode.swift; path = "Events+APIClient.swift"; sourceTree = "<group>"; };
		E51FDF582ED6186F00E2842B /* Events+Endpoint.swift */ = {isa = PBXFileReference; lastKnownFileType = sourcecode.swift; path = "Events+Endpoint.swift"; sourceTree = "<group>"; };
		E53FEFCA2ED2544C00223355 /* Notifications.swift */ = {isa = PBXFileReference; lastKnownFileType = sourcecode.swift; path = Notifications.swift; sourceTree = "<group>"; };
		E54008722E503FFF00AF4B34 /* SearchView.swift */ = {isa = PBXFileReference; lastKnownFileType = sourcecode.swift; path = SearchView.swift; sourceTree = "<group>"; };
		E54483C32ECCE91E00E34870 /* ViewDestination.swift */ = {isa = PBXFileReference; lastKnownFileType = sourcecode.swift; path = ViewDestination.swift; sourceTree = "<group>"; };
		E54483C62ECCED8600E34870 /* ViewExtensions.swift */ = {isa = PBXFileReference; lastKnownFileType = sourcecode.swift; path = ViewExtensions.swift; sourceTree = "<group>"; };
		E55209332EA133CB00382679 /* VeloRouteCard.swift */ = {isa = PBXFileReference; lastKnownFileType = sourcecode.swift; path = VeloRouteCard.swift; sourceTree = "<group>"; };
		E55662FB2EC3C00A00290475 /* VeloCommonToolbar.swift */ = {isa = PBXFileReference; lastKnownFileType = sourcecode.swift; path = VeloCommonToolbar.swift; sourceTree = "<group>"; };
		E5591A7A2EAFE3E30075A8DF /* VeloEventCodeComponent.swift */ = {isa = PBXFileReference; lastKnownFileType = sourcecode.swift; path = VeloEventCodeComponent.swift; sourceTree = "<group>"; };
		E56C8FF62ECF76E4002312D3 /* TabStore.swift */ = {isa = PBXFileReference; lastKnownFileType = sourcecode.swift; path = TabStore.swift; sourceTree = "<group>"; };
		E56C8FF82ECF7735002312D3 /* Tabs.swift */ = {isa = PBXFileReference; lastKnownFileType = sourcecode.swift; path = Tabs.swift; sourceTree = "<group>"; };
		E56C8FFA2ECF96CA002312D3 /* SheetStore.swift */ = {isa = PBXFileReference; lastKnownFileType = sourcecode.swift; path = SheetStore.swift; sourceTree = "<group>"; };
		E56C8FFC2ECF96E9002312D3 /* Sheets.swift */ = {isa = PBXFileReference; lastKnownFileType = sourcecode.swift; path = Sheets.swift; sourceTree = "<group>"; };
		E56C8FFE2ECF993A002312D3 /* StartRouteView.swift */ = {isa = PBXFileReference; lastKnownFileType = sourcecode.swift; path = StartRouteView.swift; sourceTree = "<group>"; };
		E5733F952ED7E1DE00284FB1 /* RegisterView.swift */ = {isa = PBXFileReference; lastKnownFileType = sourcecode.swift; path = RegisterView.swift; sourceTree = "<group>"; };
		E5733F972ED7E1FD00284FB1 /* RegisterViewModel.swift */ = {isa = PBXFileReference; lastKnownFileType = sourcecode.swift; path = RegisterViewModel.swift; sourceTree = "<group>"; };
		E581D0212ED7F3C700F65B27 /* UserProfileService.swift */ = {isa = PBXFileReference; lastKnownFileType = sourcecode.swift; path = UserProfileService.swift; sourceTree = "<group>"; };
		E581D0242ED7F3D800F65B27 /* UserProfileView.swift */ = {isa = PBXFileReference; lastKnownFileType = sourcecode.swift; path = UserProfileView.swift; sourceTree = "<group>"; };
		E581D0262ED7F3D800F65B27 /* UserProfileViewModel.swift */ = {isa = PBXFileReference; lastKnownFileType = sourcecode.swift; path = UserProfileViewModel.swift; sourceTree = "<group>"; };
		E589BD452EA13B84003568E6 /* GoogleMapsView.swift */ = {isa = PBXFileReference; lastKnownFileType = sourcecode.swift; path = GoogleMapsView.swift; sourceTree = "<group>"; };
		E58D21742EABEE3E00FF5EF5 /* VeloButton.swift */ = {isa = PBXFileReference; lastKnownFileType = sourcecode.swift; path = VeloButton.swift; sourceTree = "<group>"; };
		E59F592F2EC6676A0037A8A4 /* Route.swift */ = {isa = PBXFileReference; lastKnownFileType = sourcecode.swift; path = Route.swift; sourceTree = "<group>"; };
		E59F59312EC669150037A8A4 /* Tracks.swift */ = {isa = PBXFileReference; lastKnownFileType = sourcecode.swift; path = Tracks.swift; sourceTree = "<group>"; };
		E5AC97392E71EBDD00B27508 /* SavedRoutesViewModel.swift */ = {isa = PBXFileReference; lastKnownFileType = sourcecode.swift; path = SavedRoutesViewModel.swift; sourceTree = "<group>"; };
		E5AC973E2E71F02E00B27508 /* DateExtensions.swift */ = {isa = PBXFileReference; lastKnownFileType = sourcecode.swift; path = DateExtensions.swift; sourceTree = "<group>"; };
		E5B24BE72ED22B6F002EFB56 /* RefreshTokenResponse.swift */ = {isa = PBXFileReference; lastKnownFileType = sourcecode.swift; path = RefreshTokenResponse.swift; sourceTree = "<group>"; };
		E5B582F42EC145B0000A6A1B /* User+Endpoint.swift */ = {isa = PBXFileReference; lastKnownFileType = sourcecode.swift; path = "User+Endpoint.swift"; sourceTree = "<group>"; };
		E5B582F72EC149E0000A6A1B /* DataExtensions.swift */ = {isa = PBXFileReference; lastKnownFileType = sourcecode.swift; path = DataExtensions.swift; sourceTree = "<group>"; };
		E5B582F92EC14A80000A6A1B /* User+APIClient.swift */ = {isa = PBXFileReference; lastKnownFileType = sourcecode.swift; path = "User+APIClient.swift"; sourceTree = "<group>"; };
		E5B582FB2EC14AF9000A6A1B /* User.swift */ = {isa = PBXFileReference; lastKnownFileType = sourcecode.swift; path = User.swift; sourceTree = "<group>"; };
		E5B582FD2EC14B16000A6A1B /* Role.swift */ = {isa = PBXFileReference; lastKnownFileType = sourcecode.swift; path = Role.swift; sourceTree = "<group>"; };
		E5B583012EC14B34000A6A1B /* LoginKeyResponse.swift */ = {isa = PBXFileReference; lastKnownFileType = sourcecode.swift; path = LoginKeyResponse.swift; sourceTree = "<group>"; };
		E5B583032EC14B3A000A6A1B /* LoginTokenResponse.swift */ = {isa = PBXFileReference; lastKnownFileType = sourcecode.swift; path = LoginTokenResponse.swift; sourceTree = "<group>"; };
		E5B583052EC14B46000A6A1B /* RegisterResponse.swift */ = {isa = PBXFileReference; lastKnownFileType = sourcecode.swift; path = RegisterResponse.swift; sourceTree = "<group>"; };
		E5B583072EC14B52000A6A1B /* StatusResponse.swift */ = {isa = PBXFileReference; lastKnownFileType = sourcecode.swift; path = StatusResponse.swift; sourceTree = "<group>"; };
		E5B5830B2EC15327000A6A1B /* MFAView.swift */ = {isa = PBXFileReference; lastKnownFileType = sourcecode.swift; path = MFAView.swift; sourceTree = "<group>"; };
		E5B5E0242EAAF03D000D15D5 /* DetailedEventView.swift */ = {isa = PBXFileReference; lastKnownFileType = sourcecode.swift; path = DetailedEventView.swift; sourceTree = "<group>"; };
		E5B5F60F2E8D9D7B00A61167 /* CommunitiesView.swift */ = {isa = PBXFileReference; lastKnownFileType = sourcecode.swift; path = CommunitiesView.swift; sourceTree = "<group>"; };
		E5B5F6122E8D9DD600A61167 /* VeloPostComponent.swift */ = {isa = PBXFileReference; lastKnownFileType = sourcecode.swift; path = VeloPostComponent.swift; sourceTree = "<group>"; };
		E5B5F6142E8DA02700A61167 /* CommunitiesViewModel.swift */ = {isa = PBXFileReference; lastKnownFileType = sourcecode.swift; path = CommunitiesViewModel.swift; sourceTree = "<group>"; };
		E5B5F6182E8DA14E00A61167 /* PostResponseModel.swift */ = {isa = PBXFileReference; lastKnownFileType = sourcecode.swift; path = PostResponseModel.swift; sourceTree = "<group>"; };
		E5D24FAA2EA94E0800FEEEF5 /* VeloEventComponent.swift */ = {isa = PBXFileReference; lastKnownFileType = sourcecode.swift; path = VeloEventComponent.swift; sourceTree = "<group>"; };
		E5D24FAC2EA9503700FEEEF5 /* EventsViewModel.swift */ = {isa = PBXFileReference; lastKnownFileType = sourcecode.swift; path = EventsViewModel.swift; sourceTree = "<group>"; };
		E5D24FAE2EA951A900FEEEF5 /* EventsView.swift */ = {isa = PBXFileReference; lastKnownFileType = sourcecode.swift; path = EventsView.swift; sourceTree = "<group>"; };
		E5D5E48A2ECE328E00C4FFC4 /* GoogleMaps+PlaceManager.swift */ = {isa = PBXFileReference; lastKnownFileType = sourcecode.swift; path = "GoogleMaps+PlaceManager.swift"; sourceTree = "<group>"; };
		E5D5E4922ECE35D500C4FFC4 /* SearchViewModel.swift */ = {isa = PBXFileReference; lastKnownFileType = sourcecode.swift; path = SearchViewModel.swift; sourceTree = "<group>"; };
		E5DA7F082EC2E0A00052D0F1 /* MFAKeyStore.swift */ = {isa = PBXFileReference; lastKnownFileType = sourcecode.swift; path = MFAKeyStore.swift; sourceTree = "<group>"; };
		E5E07EAD2EC658270021A887 /* Routes+Endpoint.swift */ = {isa = PBXFileReference; lastKnownFileType = sourcecode.swift; path = "Routes+Endpoint.swift"; sourceTree = "<group>"; };
		E5E07EAF2EC658310021A887 /* Routes+APIClient.swift */ = {isa = PBXFileReference; lastKnownFileType = sourcecode.swift; path = "Routes+APIClient.swift"; sourceTree = "<group>"; };
		E5E07EB22EC65A240021A887 /* Track.swift */ = {isa = PBXFileReference; lastKnownFileType = sourcecode.swift; path = Track.swift; sourceTree = "<group>"; };
		E5F9B9FE2EBFFE250035244D /* Endpoint.swift */ = {isa = PBXFileReference; lastKnownFileType = sourcecode.swift; path = Endpoint.swift; sourceTree = "<group>"; };
		E5F9BA002EBFFF3D0035244D /* APIClient.swift */ = {isa = PBXFileReference; lastKnownFileType = sourcecode.swift; path = APIClient.swift; sourceTree = "<group>"; };
		E5F9BA052EC008BD0035244D /* SocialMedia+APIClient.swift */ = {isa = PBXFileReference; lastKnownFileType = sourcecode.swift; path = "SocialMedia+APIClient.swift"; sourceTree = "<group>"; };
		E5F9BA082EC00EFE0035244D /* SocialMedia+Endpoint.swift */ = {isa = PBXFileReference; lastKnownFileType = sourcecode.swift; path = "SocialMedia+Endpoint.swift"; sourceTree = "<group>"; };
		E5F9BA0B2EC00FC50035244D /* Feed.swift */ = {isa = PBXFileReference; lastKnownFileType = sourcecode.swift; path = Feed.swift; sourceTree = "<group>"; };
		E5F9BA0D2EC010310035244D /* Hashtag.swift */ = {isa = PBXFileReference; lastKnownFileType = sourcecode.swift; path = Hashtag.swift; sourceTree = "<group>"; };
		E5F9BA0F2EC0104B0035244D /* Community.swift */ = {isa = PBXFileReference; lastKnownFileType = sourcecode.swift; path = Community.swift; sourceTree = "<group>"; };
		E5F9BA112EC011590035244D /* Comment.swift */ = {isa = PBXFileReference; lastKnownFileType = sourcecode.swift; path = Comment.swift; sourceTree = "<group>"; };
		E5F9BA132EC012100035244D /* Member.swift */ = {isa = PBXFileReference; lastKnownFileType = sourcecode.swift; path = Member.swift; sourceTree = "<group>"; };
		E5F9BA152EC0127E0035244D /* Follower.swift */ = {isa = PBXFileReference; lastKnownFileType = sourcecode.swift; path = Follower.swift; sourceTree = "<group>"; };
		E5F9BA172EC0147B0035244D /* UsersLiked.swift */ = {isa = PBXFileReference; lastKnownFileType = sourcecode.swift; path = UsersLiked.swift; sourceTree = "<group>"; };
/* End PBXFileReference section */

/* Begin PBXFrameworksBuildPhase section */
		91A5B6532E3B058900038DE9 /* Frameworks */ = {
			isa = PBXFrameworksBuildPhase;
			buildActionMask = 2147483647;
			files = (
				E55662F92EC3B6E400290475 /* Kingfisher in Frameworks */,
				E5D5E4902ECE33B100C4FFC4 /* GooglePlacesSwift in Frameworks */,
				E5D5E48E2ECE33B100C4FFC4 /* GooglePlaces in Frameworks */,
				E5D24FA12EA9471B00FEEEF5 /* GoogleMaps in Frameworks */,
				9119837F2E42C3CC0040C992 /* KeychainSwift in Frameworks */,
				FA4282DB96994AE6A693A788 /* Sentry in Frameworks */,
			);
			runOnlyForDeploymentPostprocessing = 0;
		};
		91A5B6632E3B058E00038DE9 /* Frameworks */ = {
			isa = PBXFrameworksBuildPhase;
			buildActionMask = 2147483647;
			files = (
				E56C8FF32ECF7669002312D3 /* (null) in Frameworks */,
			);
			runOnlyForDeploymentPostprocessing = 0;
		};
		91A5B66D2E3B058E00038DE9 /* Frameworks */ = {
			isa = PBXFrameworksBuildPhase;
			buildActionMask = 2147483647;
			files = (
				E56C8FF42ECF7669002312D3 /* (null) in Frameworks */,
			);
			runOnlyForDeploymentPostprocessing = 0;
		};
/* End PBXFrameworksBuildPhase section */

/* Begin PBXGroup section */
		911B835B2E3BDA0E00281364 /* ViewModels */ = {
			isa = PBXGroup;
			children = (
				911B835C2E3BDA2A00281364 /* HomeViewModel.swift */,
			);
			path = ViewModels;
			sourceTree = "<group>";
		};
		911B835E2E3BE65B00281364 /* App */ = {
			isa = PBXGroup;
			children = (
				91A50B1C2E3C5ED10010E208 /* Fonts */,
				911B83602E3BE67400281364 /* MainAppView.swift */,
			);
			path = App;
			sourceTree = "<group>";
		};
		911B83622E3BFBC300281364 /* ViewModels */ = {
			isa = PBXGroup;
			children = (
				911B83632E3BFBD700281364 /* LoginViewModel.swift */,
				E5733F972ED7E1FD00284FB1 /* RegisterViewModel.swift */,
			);
			path = ViewModels;
			sourceTree = "<group>";
		};
		911BF2ED2E43C3B300CEEAB0 /* Routes */ = {
			isa = PBXGroup;
			children = (
				E55209392EA1397600382679 /* Components */,
				E5AC97382E71EBD300B27508 /* ViewModels */,
				911BF2EE2E43C3B900CEEAB0 /* View */,
			);
			path = Routes;
			sourceTree = "<group>";
		};
		911BF2EE2E43C3B900CEEAB0 /* View */ = {
			isa = PBXGroup;
			children = (
				911BF2EF2E43C3E400CEEAB0 /* SavedRoutesView.swift */,
			);
			path = View;
			sourceTree = "<group>";
		};
		911BF2F12E43CAB500CEEAB0 /* Shapes */ = {
			isa = PBXGroup;
			children = (
				911BF2F22E43CACB00CEEAB0 /* VeloRoundedCorner.swift */,
			);
			path = Shapes;
			sourceTree = "<group>";
		};
		91A50B1B2E3C5EC20010E208 /* Shared */ = {
			isa = PBXGroup;
			children = (
				E5D5E4892ECE326D00C4FFC4 /* Services */,
				E560B4602E526BB30074C5CB /* Stores */,
				911BF2F12E43CAB500CEEAB0 /* Shapes */,
				91A50B282E3C64100010E208 /* Components */,
			);
			path = Shared;
			sourceTree = "<group>";
		};
		91A50B1C2E3C5ED10010E208 /* Fonts */ = {
			isa = PBXGroup;
			children = (
				91A50B202E3C603C0010E208 /* Font.swift */,
			);
			path = Fonts;
			sourceTree = "<group>";
		};
		91A50B282E3C64100010E208 /* Components */ = {
			isa = PBXGroup;
			children = (
				E58D21742EABEE3E00FF5EF5 /* VeloButton.swift */,
				91A50B292E3C642C0010E208 /* VeloTextField.swift */,
			);
			path = Components;
			sourceTree = "<group>";
		};
		91A5B64D2E3B058900038DE9 = {
			isa = PBXGroup;
			children = (
				91A50B262E3C63C60010E208 /* Outfit-VariableFont_wght.ttf */,
				91A5B6582E3B058900038DE9 /* VeloiOSApp */,
				91A5B6692E3B058E00038DE9 /* VeloiOSAppTests */,
				91A5B6732E3B058E00038DE9 /* VeloiOSAppUITests */,
				91A5B6572E3B058900038DE9 /* Products */,
			);
			sourceTree = "<group>";
		};
		91A5B6572E3B058900038DE9 /* Products */ = {
			isa = PBXGroup;
			children = (
				91A5B6562E3B058900038DE9 /* Velo.app */,
				91A5B6662E3B058E00038DE9 /* VeloiOSAppTests.xctest */,
				91A5B6702E3B058E00038DE9 /* VeloiOSAppUITests.xctest */,
			);
			name = Products;
			sourceTree = "<group>";
		};
		91A5B6582E3B058900038DE9 /* VeloiOSApp */ = {
			isa = PBXGroup;
			children = (
				E5F9B9FC2EBFFE0C0035244D /* Core */,
				91A50B1F2E3C5F9C0010E208 /* Info.plist */,
				91A50B1B2E3C5EC20010E208 /* Shared */,
				91A5B6862E3B086F00038DE9 /* Features */,
				91A5B6832E3B078300038DE9 /* Routing */,
				91A5B6592E3B058900038DE9 /* VeloiOSApp.swift */,
				91A5B65D2E3B058D00038DE9 /* Assets.xcassets */,
				91A5B65F2E3B058D00038DE9 /* Preview Content */,
				911B835E2E3BE65B00281364 /* App */,
			);
			path = VeloiOSApp;
			sourceTree = "<group>";
		};
		91A5B65F2E3B058D00038DE9 /* Preview Content */ = {
			isa = PBXGroup;
			children = (
				91A5B6602E3B058D00038DE9 /* Preview Assets.xcassets */,
			);
			path = "Preview Content";
			sourceTree = "<group>";
		};
		91A5B6692E3B058E00038DE9 /* VeloiOSAppTests */ = {
			isa = PBXGroup;
			children = (
				91A5B66A2E3B058E00038DE9 /* VeloiOSAppTests.swift */,
			);
			path = VeloiOSAppTests;
			sourceTree = "<group>";
		};
		91A5B6732E3B058E00038DE9 /* VeloiOSAppUITests */ = {
			isa = PBXGroup;
			children = (
				91A5B6742E3B058E00038DE9 /* VeloiOSAppUITests.swift */,
				91A5B6762E3B058E00038DE9 /* VeloiOSAppUITestsLaunchTests.swift */,
			);
			path = VeloiOSAppUITests;
			sourceTree = "<group>";
		};
		91A5B6832E3B078300038DE9 /* Routing */ = {
			isa = PBXGroup;
			children = (
				91A5B6842E3B07A700038DE9 /* NavigationRouter.swift */,
			);
			path = Routing;
			sourceTree = "<group>";
		};
		91A5B6862E3B086F00038DE9 /* Features */ = {
			isa = PBXGroup;
			children = (
				E581D0282ED7F3D800F65B27 /* Profile */,
				E5D24FA22EA94C1D00FEEEF5 /* Events */,
				E5B5F60B2E8D9D5200A61167 /* Communities */,
				E54008702E503FE900AF4B34 /* Search */,
				911BF2ED2E43C3B300CEEAB0 /* Routes */,
				91A5B68B2E3B0A3300038DE9 /* Auth */,
				91A5B6872E3B087600038DE9 /* Home */,
			);
			path = Features;
			sourceTree = "<group>";
		};
		91A5B6872E3B087600038DE9 /* Home */ = {
			isa = PBXGroup;
			children = (
				911B835B2E3BDA0E00281364 /* ViewModels */,
				91A5B6882E3B087F00038DE9 /* View */,
				E581D0222ED7F3C700F65B27 /* Services */,
			);
			path = Home;
			sourceTree = "<group>";
		};
		91A5B6882E3B087F00038DE9 /* View */ = {
			isa = PBXGroup;
			children = (
				E56C8FFE2ECF993A002312D3 /* StartRouteView.swift */,
				E589BD452EA13B84003568E6 /* GoogleMapsView.swift */,
				91A5B6892E3B088F00038DE9 /* HomeView.swift */,
			);
			path = View;
			sourceTree = "<group>";
		};
		91A5B68B2E3B0A3300038DE9 /* Auth */ = {
			isa = PBXGroup;
			children = (
				911B83622E3BFBC300281364 /* ViewModels */,
				91A5B68C2E3B0A3900038DE9 /* View */,
			);
			path = Auth;
			sourceTree = "<group>";
		};
		91A5B68C2E3B0A3900038DE9 /* View */ = {
			isa = PBXGroup;
			children = (
				E5733F952ED7E1DE00284FB1 /* RegisterView.swift */,
				E5B5830B2EC15327000A6A1B /* MFAView.swift */,
				91A5B68D2E3B0A4400038DE9 /* LoginView.swift */,
			);
			path = View;
			sourceTree = "<group>";
		};
		E50795342ECEAB6300C3F641 /* Models */ = {
			isa = PBXGroup;
			children = (
				E56C8FFC2ECF96E9002312D3 /* Sheets.swift */,
				E56C8FF82ECF7735002312D3 /* Tabs.swift */,
				E50795352ECEAB6500C3F641 /* TargetLocation.swift */,
			);
			path = Models;
			sourceTree = "<group>";
		};
		E51FDF562ED6186F00E2842B /* Models */ = {
			isa = PBXGroup;
			children = (
				E51FDF542ED6186F00E2842B /* Event.swift */,
				E51FDF552ED6186F00E2842B /* Subscription.swift */,
			);
			path = Models;
			sourceTree = "<group>";
		};
		E51FDF592ED6186F00E2842B /* Events */ = {
			isa = PBXGroup;
			children = (
				E51FDF562ED6186F00E2842B /* Models */,
				E51FDF572ED6186F00E2842B /* Events+APIClient.swift */,
				E51FDF582ED6186F00E2842B /* Events+Endpoint.swift */,
			);
			path = Events;
			sourceTree = "<group>";
		};
		E54008702E503FE900AF4B34 /* Search */ = {
			isa = PBXGroup;
			children = (
				E5D5E4952ECE36AA00C4FFC4 /* ViewModels */,
				E54008712E503FEF00AF4B34 /* View */,
			);
			path = Search;
			sourceTree = "<group>";
		};
		E54008712E503FEF00AF4B34 /* View */ = {
			isa = PBXGroup;
			children = (
				E54008722E503FFF00AF4B34 /* SearchView.swift */,
			);
			path = View;
			sourceTree = "<group>";
		};
		E54483C22ECCE91300E34870 /* Types */ = {
			isa = PBXGroup;
			children = (
				E53FEFCA2ED2544C00223355 /* Notifications.swift */,
				E54483C32ECCE91E00E34870 /* ViewDestination.swift */,
			);
			path = Types;
			sourceTree = "<group>";
		};
		E54483C52ECCED7D00E34870 /* Extensions */ = {
			isa = PBXGroup;
			children = (
				E5B582F72EC149E0000A6A1B /* DataExtensions.swift */,
				E5AC973E2E71F02E00B27508 /* DateExtensions.swift */,
				E54483C62ECCED8600E34870 /* ViewExtensions.swift */,
			);
			path = Extensions;
			sourceTree = "<group>";
		};
		E55209392EA1397600382679 /* Components */ = {
			isa = PBXGroup;
			children = (
				E55209332EA133CB00382679 /* VeloRouteCard.swift */,
			);
			path = Components;
			sourceTree = "<group>";
		};
		E55662FA2EC3C00300290475 /* UI */ = {
			isa = PBXGroup;
			children = (
				E55662FB2EC3C00A00290475 /* VeloCommonToolbar.swift */,
			);
			path = UI;
			sourceTree = "<group>";
		};
		E560B4602E526BB30074C5CB /* Stores */ = {
			isa = PBXGroup;
			children = (
				E51914AE2ED0D2ED00D9BD83 /* RoutesStore.swift */,
				E56C8FFA2ECF96CA002312D3 /* SheetStore.swift */,
				E56C8FF62ECF76E4002312D3 /* TabStore.swift */,
				E50795342ECEAB6300C3F641 /* Models */,
				E50795322ECEAA5B00C3F641 /* LocationStore.swift */,
				E5DA7F082EC2E0A00052D0F1 /* MFAKeyStore.swift */,
				9119837B2E42C3460040C992 /* TokenStore.swift */,
			);
			path = Stores;
			sourceTree = "<group>";
		};
		E581D0222ED7F3C700F65B27 /* Services */ = {
			isa = PBXGroup;
			children = (
				E581D0212ED7F3C700F65B27 /* UserProfileService.swift */,
			);
			path = Services;
			sourceTree = "<group>";
		};
		E581D0252ED7F3D800F65B27 /* View */ = {
			isa = PBXGroup;
			children = (
				E581D0242ED7F3D800F65B27 /* UserProfileView.swift */,
			);
			path = View;
			sourceTree = "<group>";
		};
		E581D0272ED7F3D800F65B27 /* ViewModels */ = {
			isa = PBXGroup;
			children = (
				E581D0262ED7F3D800F65B27 /* UserProfileViewModel.swift */,
			);
			path = ViewModels;
			sourceTree = "<group>";
		};
		E581D0282ED7F3D800F65B27 /* Profile */ = {
			isa = PBXGroup;
			children = (
				E581D0252ED7F3D800F65B27 /* View */,
				E581D0272ED7F3D800F65B27 /* ViewModels */,
			);
			path = Profile;
			sourceTree = "<group>";
		};
		E5AC97382E71EBD300B27508 /* ViewModels */ = {
			isa = PBXGroup;
			children = (
				E5AC97392E71EBDD00B27508 /* SavedRoutesViewModel.swift */,
			);
			path = ViewModels;
			sourceTree = "<group>";
		};
		E5B582F32EC144FB000A6A1B /* User */ = {
			isa = PBXGroup;
			children = (
				E5B582F62EC1466F000A6A1B /* Models */,
				E5B582F42EC145B0000A6A1B /* User+Endpoint.swift */,
				E5B582F92EC14A80000A6A1B /* User+APIClient.swift */,
			);
			path = User;
			sourceTree = "<group>";
		};
		E5B582F62EC1466F000A6A1B /* Models */ = {
			isa = PBXGroup;
			children = (
				E5B24BE72ED22B6F002EFB56 /* RefreshTokenResponse.swift */,
				E5B583052EC14B46000A6A1B /* RegisterResponse.swift */,
				E5B583032EC14B3A000A6A1B /* LoginTokenResponse.swift */,
				E5B583012EC14B34000A6A1B /* LoginKeyResponse.swift */,
				E5B582FD2EC14B16000A6A1B /* Role.swift */,
				E5B582FB2EC14AF9000A6A1B /* User.swift */,
			);
			path = Models;
			sourceTree = "<group>";
		};
		E5B583092EC14CC5000A6A1B /* Services */ = {
			isa = PBXGroup;
			children = (
				911983812E42C5AD0040C992 /* AuthService.swift */,
				91A5B6912E3B0EBC00038DE9 /* MapsLocationService.swift */,
			);
			path = Services;
			sourceTree = "<group>";
		};
		E5B5F60B2E8D9D5200A61167 /* Communities */ = {
			isa = PBXGroup;
			children = (
				E5B5F6172E8DA14900A61167 /* Models */,
				E5B5F6112E8D9DC700A61167 /* Components */,
				E5B5F60D2E8D9D6200A61167 /* ViewModels */,
				E5B5F60C2E8D9D5A00A61167 /* View */,
			);
			path = Communities;
			sourceTree = "<group>";
		};
		E5B5F60C2E8D9D5A00A61167 /* View */ = {
			isa = PBXGroup;
			children = (
				E5B5F60F2E8D9D7B00A61167 /* CommunitiesView.swift */,
			);
			path = View;
			sourceTree = "<group>";
		};
		E5B5F60D2E8D9D6200A61167 /* ViewModels */ = {
			isa = PBXGroup;
			children = (
				E5B5F6142E8DA02700A61167 /* CommunitiesViewModel.swift */,
			);
			path = ViewModels;
			sourceTree = "<group>";
		};
		E5B5F6112E8D9DC700A61167 /* Components */ = {
			isa = PBXGroup;
			children = (
				E5B5F6122E8D9DD600A61167 /* VeloPostComponent.swift */,
			);
			path = Components;
			sourceTree = "<group>";
		};
		E5B5F6172E8DA14900A61167 /* Models */ = {
			isa = PBXGroup;
			children = (
				E5B5F6182E8DA14E00A61167 /* PostResponseModel.swift */,
			);
			path = Models;
			sourceTree = "<group>";
		};
		E5D24FA22EA94C1D00FEEEF5 /* Events */ = {
			isa = PBXGroup;
			children = (
				E5D24FA92EA94DFA00FEEEF5 /* Components */,
				E5D24FA52EA94C3600FEEEF5 /* ViewModels */,
				E5D24FA42EA94C2E00FEEEF5 /* View */,
			);
			path = Events;
			sourceTree = "<group>";
		};
		E5D24FA42EA94C2E00FEEEF5 /* View */ = {
			isa = PBXGroup;
			children = (
				E5B5E0242EAAF03D000D15D5 /* DetailedEventView.swift */,
				E5D24FAE2EA951A900FEEEF5 /* EventsView.swift */,
			);
			path = View;
			sourceTree = "<group>";
		};
		E5D24FA52EA94C3600FEEEF5 /* ViewModels */ = {
			isa = PBXGroup;
			children = (
				E5D24FAC2EA9503700FEEEF5 /* EventsViewModel.swift */,
			);
			path = ViewModels;
			sourceTree = "<group>";
		};
		E5D24FA92EA94DFA00FEEEF5 /* Components */ = {
			isa = PBXGroup;
			children = (
				E5591A7A2EAFE3E30075A8DF /* VeloEventCodeComponent.swift */,
				E5D24FAA2EA94E0800FEEEF5 /* VeloEventComponent.swift */,
			);
			path = Components;
			sourceTree = "<group>";
		};
		E5D5E4892ECE326D00C4FFC4 /* Services */ = {
			isa = PBXGroup;
			children = (
				E5D5E48A2ECE328E00C4FFC4 /* GoogleMaps+PlaceManager.swift */,
			);
			path = Services;
			sourceTree = "<group>";
		};
		E5D5E4952ECE36AA00C4FFC4 /* ViewModels */ = {
			isa = PBXGroup;
			children = (
				E5D5E4922ECE35D500C4FFC4 /* SearchViewModel.swift */,
			);
			path = ViewModels;
			sourceTree = "<group>";
		};
		E5E07EAC2EC6581B0021A887 /* Routes */ = {
			isa = PBXGroup;
			children = (
				E5E07EB12EC65A170021A887 /* Models */,
				E5E07EAF2EC658310021A887 /* Routes+APIClient.swift */,
				E5E07EAD2EC658270021A887 /* Routes+Endpoint.swift */,
			);
			path = Routes;
			sourceTree = "<group>";
		};
		E5E07EB12EC65A170021A887 /* Models */ = {
			isa = PBXGroup;
			children = (
				E59F59312EC669150037A8A4 /* Tracks.swift */,
				E59F592F2EC6676A0037A8A4 /* Route.swift */,
				E5E07EB22EC65A240021A887 /* Track.swift */,
			);
			path = Models;
			sourceTree = "<group>";
		};
		E5F9B9FC2EBFFE0C0035244D /* Core */ = {
			isa = PBXGroup;
			children = (
				E54483C52ECCED7D00E34870 /* Extensions */,
				E54483C22ECCE91300E34870 /* Types */,
				E55662FA2EC3C00300290475 /* UI */,
				E5B583092EC14CC5000A6A1B /* Services */,
				E5F9B9FD2EBFFE1B0035244D /* Network */,
			);
			path = Core;
			sourceTree = "<group>";
		};
		E5F9B9FD2EBFFE1B0035244D /* Network */ = {
			isa = PBXGroup;
			children = (
				E5F9BA022EC008460035244D /* APIs */,
				E5F9BA002EBFFF3D0035244D /* APIClient.swift */,
				E5B583072EC14B52000A6A1B /* StatusResponse.swift */,
				E5F9B9FE2EBFFE250035244D /* Endpoint.swift */,
			);
			path = Network;
			sourceTree = "<group>";
		};
		E5F9BA022EC008460035244D /* APIs */ = {
			isa = PBXGroup;
			children = (
				E51FDF592ED6186F00E2842B /* Events */,
				E5E07EAC2EC6581B0021A887 /* Routes */,
				E5B582F32EC144FB000A6A1B /* User */,
				E5F9BA072EC00EEC0035244D /* SocialMedia */,
			);
			path = APIs;
			sourceTree = "<group>";
		};
		E5F9BA072EC00EEC0035244D /* SocialMedia */ = {
			isa = PBXGroup;
			children = (
				E5F9BA0A2EC00FB50035244D /* Models */,
				E5F9BA082EC00EFE0035244D /* SocialMedia+Endpoint.swift */,
				E5F9BA052EC008BD0035244D /* SocialMedia+APIClient.swift */,
			);
			path = SocialMedia;
			sourceTree = "<group>";
		};
		E5F9BA0A2EC00FB50035244D /* Models */ = {
			isa = PBXGroup;
			children = (
				E5F9BA172EC0147B0035244D /* UsersLiked.swift */,
				E5F9BA152EC0127E0035244D /* Follower.swift */,
				E5F9BA132EC012100035244D /* Member.swift */,
				E5F9BA112EC011590035244D /* Comment.swift */,
				E5F9BA0F2EC0104B0035244D /* Community.swift */,
				E5F9BA0D2EC010310035244D /* Hashtag.swift */,
				E5F9BA0B2EC00FC50035244D /* Feed.swift */,
			);
			path = Models;
			sourceTree = "<group>";
		};
/* End PBXGroup section */

/* Begin PBXNativeTarget section */
		91A5B6552E3B058900038DE9 /* VeloiOSApp */ = {
			isa = PBXNativeTarget;
			buildConfigurationList = 91A5B67A2E3B058E00038DE9 /* Build configuration list for PBXNativeTarget "VeloiOSApp" */;
			buildPhases = (
				91A5B6522E3B058900038DE9 /* Sources */,
				91A5B6532E3B058900038DE9 /* Frameworks */,
				91A5B6542E3B058900038DE9 /* Resources */,
				EDCCE815B8144DD5991588A3 /* Upload Debug Symbols to Sentry */,
			);
			buildRules = (
			);
			dependencies = (
			);
			name = VeloiOSApp;
			packageProductDependencies = (
				9119837E2E42C3CC0040C992 /* KeychainSwift */,
				E5D24FA02EA9471B00FEEEF5 /* GoogleMaps */,
				E55662F82EC3B6E400290475 /* Kingfisher */,
				E5D5E48D2ECE33B100C4FFC4 /* GooglePlaces */,
				E5D5E48F2ECE33B100C4FFC4 /* GooglePlacesSwift */,
				1367FB6B34374FD7AE81F823 /* Sentry */,
			);
			productName = VeloiOSApp;
			productReference = 91A5B6562E3B058900038DE9 /* Velo.app */;
			productType = "com.apple.product-type.application";
		};
		91A5B6652E3B058E00038DE9 /* VeloiOSAppTests */ = {
			isa = PBXNativeTarget;
			buildConfigurationList = 91A5B67D2E3B058E00038DE9 /* Build configuration list for PBXNativeTarget "VeloiOSAppTests" */;
			buildPhases = (
				91A5B6622E3B058E00038DE9 /* Sources */,
				91A5B6632E3B058E00038DE9 /* Frameworks */,
				91A5B6642E3B058E00038DE9 /* Resources */,
			);
			buildRules = (
			);
			dependencies = (
				91A5B6682E3B058E00038DE9 /* PBXTargetDependency */,
			);
			name = VeloiOSAppTests;
			productName = VeloiOSAppTests;
			productReference = 91A5B6662E3B058E00038DE9 /* VeloiOSAppTests.xctest */;
			productType = "com.apple.product-type.bundle.unit-test";
		};
		91A5B66F2E3B058E00038DE9 /* VeloiOSAppUITests */ = {
			isa = PBXNativeTarget;
			buildConfigurationList = 91A5B6802E3B058E00038DE9 /* Build configuration list for PBXNativeTarget "VeloiOSAppUITests" */;
			buildPhases = (
				91A5B66C2E3B058E00038DE9 /* Sources */,
				91A5B66D2E3B058E00038DE9 /* Frameworks */,
				91A5B66E2E3B058E00038DE9 /* Resources */,
			);
			buildRules = (
			);
			dependencies = (
				91A5B6722E3B058E00038DE9 /* PBXTargetDependency */,
			);
			name = VeloiOSAppUITests;
			productName = VeloiOSAppUITests;
			productReference = 91A5B6702E3B058E00038DE9 /* VeloiOSAppUITests.xctest */;
			productType = "com.apple.product-type.bundle.ui-testing";
		};
/* End PBXNativeTarget section */

/* Begin PBXProject section */
		91A5B64E2E3B058900038DE9 /* Project object */ = {
			isa = PBXProject;
			attributes = {
				BuildIndependentTargetsInParallel = 1;
				LastSwiftUpdateCheck = 1430;
				LastUpgradeCheck = 2600;
				TargetAttributes = {
					91A5B6552E3B058900038DE9 = {
						CreatedOnToolsVersion = 14.3.1;
					};
					91A5B6652E3B058E00038DE9 = {
						CreatedOnToolsVersion = 14.3.1;
						TestTargetID = 91A5B6552E3B058900038DE9;
					};
					91A5B66F2E3B058E00038DE9 = {
						CreatedOnToolsVersion = 14.3.1;
						TestTargetID = 91A5B6552E3B058900038DE9;
					};
				};
			};
			buildConfigurationList = 91A5B6512E3B058900038DE9 /* Build configuration list for PBXProject "VeloiOSApp" */;
			compatibilityVersion = "Xcode 14.0";
			developmentRegion = en;
			hasScannedForEncodings = 0;
			knownRegions = (
				en,
				Base,
			);
			mainGroup = 91A5B64D2E3B058900038DE9;
			packageReferences = (
				9119837D2E42C3CC0040C992 /* XCRemoteSwiftPackageReference "keychain-swift" */,
				E5D24F9F2EA9471B00FEEEF5 /* XCRemoteSwiftPackageReference "ios-maps-sdk" */,
				E55662F72EC3B6E400290475 /* XCRemoteSwiftPackageReference "Kingfisher" */,
				E5D5E48C2ECE33B100C4FFC4 /* XCRemoteSwiftPackageReference "ios-places-sdk" */,
				0667550EE05A480EBD479324 /* XCRemoteSwiftPackageReference "sentry-cocoa" */,
			);
			productRefGroup = 91A5B6572E3B058900038DE9 /* Products */;
			projectDirPath = "";
			projectRoot = "";
			targets = (
				91A5B6552E3B058900038DE9 /* VeloiOSApp */,
				91A5B6652E3B058E00038DE9 /* VeloiOSAppTests */,
				91A5B66F2E3B058E00038DE9 /* VeloiOSAppUITests */,
			);
		};
/* End PBXProject section */

/* Begin PBXResourcesBuildPhase section */
		91A5B6542E3B058900038DE9 /* Resources */ = {
			isa = PBXResourcesBuildPhase;
			buildActionMask = 2147483647;
			files = (
				91A50B272E3C63C60010E208 /* Outfit-VariableFont_wght.ttf in Resources */,
				91A5B6612E3B058D00038DE9 /* Preview Assets.xcassets in Resources */,
				91A5B65E2E3B058D00038DE9 /* Assets.xcassets in Resources */,
			);
			runOnlyForDeploymentPostprocessing = 0;
		};
		91A5B6642E3B058E00038DE9 /* Resources */ = {
			isa = PBXResourcesBuildPhase;
			buildActionMask = 2147483647;
			files = (
			);
			runOnlyForDeploymentPostprocessing = 0;
		};
		91A5B66E2E3B058E00038DE9 /* Resources */ = {
			isa = PBXResourcesBuildPhase;
			buildActionMask = 2147483647;
			files = (
			);
			runOnlyForDeploymentPostprocessing = 0;
		};
/* End PBXResourcesBuildPhase section */

/* Begin PBXShellScriptBuildPhase section */
		EDCCE815B8144DD5991588A3 /* Upload Debug Symbols to Sentry */ = {
			isa = PBXShellScriptBuildPhase;
			buildActionMask = 2147483647;
			files = (
			);
			inputPaths = (
				"${DWARF_DSYM_FOLDER_PATH}/${DWARF_DSYM_FILE_NAME}/Contents/Resources/DWARF/${TARGET_NAME}",
			);
			name = "Upload Debug Symbols to Sentry";
			outputPaths = (
			);
			runOnlyForDeploymentPostprocessing = 0;
			shellPath = /bin/sh;
			shellScript = "# This script is responsible for uploading debug symbols and source context for Sentry.\nif which sentry-cli >/dev/null; then\n  export SENTRY_ORG=velo-93\n  export SENTRY_PROJECT=velo-apple-ios\n  ERROR=$(sentry-cli debug-files upload --include-sources \"$DWARF_DSYM_FOLDER_PATH\" 2>&1 >/dev/null)\n  if [ ! $? -eq 0 ]; then\n    echo \"warning: sentry-cli - $ERROR\"\n  fi\nelse\n  echo \"warning: sentry-cli not installed, download from https://github.com/getsentry/sentry-cli/releases\"\nfi\n";
		};
/* End PBXShellScriptBuildPhase section */

/* Begin PBXSourcesBuildPhase section */
		91A5B6522E3B058900038DE9 /* Sources */ = {
			isa = PBXSourcesBuildPhase;
			buildActionMask = 2147483647;
			files = (
				E589BD462EA13B9A003568E6 /* GoogleMapsView.swift in Sources */,
				E5B582F82EC149E6000A6A1B /* DataExtensions.swift in Sources */,
				E5591A7B2EAFE4000075A8DF /* VeloEventCodeComponent.swift in Sources */,
				9119837C2E42C3460040C992 /* TokenStore.swift in Sources */,
				E59F59322EC6691A0037A8A4 /* Tracks.swift in Sources */,
				91A5B68A2E3B088F00038DE9 /* HomeView.swift in Sources */,
				91A50B2A2E3C642C0010E208 /* VeloTextField.swift in Sources */,
				E5F9BA012EBFFF3F0035244D /* APIClient.swift in Sources */,
				E5E07EB02EC658360021A887 /* Routes+APIClient.swift in Sources */,
				E5B5F6132E8D9DE200A61167 /* VeloPostComponent.swift in Sources */,
				E56C8FFB2ECF96D8002312D3 /* SheetStore.swift in Sources */,
				E58D21752EABEE4700FF5EF5 /* VeloButton.swift in Sources */,
				E5B5F6102E8D9D8100A61167 /* CommunitiesView.swift in Sources */,
				E56C8FF72ECF76EC002312D3 /* TabStore.swift in Sources */,
				E5F9BA062EC008C30035244D /* SocialMedia+APIClient.swift in Sources */,
				911983822E42C5AD0040C992 /* AuthService.swift in Sources */,
				E55209352EA133D000382679 /* VeloRouteCard.swift in Sources */,
				E50795362ECEAB6500C3F641 /* TargetLocation.swift in Sources */,
				E5B583062EC14B46000A6A1B /* RegisterResponse.swift in Sources */,
				E5F9B9FF2EBFFE290035244D /* Endpoint.swift in Sources */,
				E50795332ECEAA6500C3F641 /* LocationStore.swift in Sources */,
				E51914AF2ED0D2F100D9BD83 /* RoutesStore.swift in Sources */,
				E5B582FE2EC14B18000A6A1B /* Role.swift in Sources */,
				911BF2F32E43CACB00CEEAB0 /* VeloRoundedCorner.swift in Sources */,
				E5F9BA092EC00F040035244D /* SocialMedia+Endpoint.swift in Sources */,
				E5B583022EC14B34000A6A1B /* LoginKeyResponse.swift in Sources */,
				E5AC973F2E71F03600B27508 /* DateExtensions.swift in Sources */,
				E5E07EAE2EC6582D0021A887 /* Routes+Endpoint.swift in Sources */,
				E5D5E4942ECE35D900C4FFC4 /* SearchViewModel.swift in Sources */,
				E5E07EB32EC65A290021A887 /* Track.swift in Sources */,
				E5B5F6152E8DA02C00A61167 /* CommunitiesViewModel.swift in Sources */,
				E5B582F52EC145B5000A6A1B /* User+Endpoint.swift in Sources */,
				E54483C42ECCE92900E34870 /* ViewDestination.swift in Sources */,
				911B835D2E3BDA2A00281364 /* HomeViewModel.swift in Sources */,
				E5F9BA0C2EC00FCA0035244D /* Feed.swift in Sources */,
				E5B582FC2EC14AFF000A6A1B /* User.swift in Sources */,
				E5D5E48B2ECE329B00C4FFC4 /* GoogleMaps+PlaceManager.swift in Sources */,
				E5733F982ED7E1FD00284FB1 /* RegisterViewModel.swift in Sources */,
				E5F9BA182EC014830035244D /* UsersLiked.swift in Sources */,
				E5AC973A2E71EBEA00B27508 /* SavedRoutesViewModel.swift in Sources */,
				E5F9BA102EC010510035244D /* Community.swift in Sources */,
				E581D0292ED7F3D800F65B27 /* UserProfileView.swift in Sources */,
				E581D02A2ED7F3D800F65B27 /* UserProfileViewModel.swift in Sources */,
				911B83612E3BE67400281364 /* MainAppView.swift in Sources */,
				E5B5E0252EAAF045000D15D5 /* DetailedEventView.swift in Sources */,
				E5D24FAF2EA951AE00FEEEF5 /* EventsView.swift in Sources */,
				E581D0232ED7F3C700F65B27 /* UserProfileService.swift in Sources */,
				E59F59302EC667720037A8A4 /* Route.swift in Sources */,
				91A5B65A2E3B058900038DE9 /* VeloiOSApp.swift in Sources */,
				E5B583082EC14B52000A6A1B /* StatusResponse.swift in Sources */,
				911B83642E3BFBD700281364 /* LoginViewModel.swift in Sources */,
				E53FEFCB2ED2544F00223355 /* Notifications.swift in Sources */,
				91A50B212E3C603C0010E208 /* Font.swift in Sources */,
				E54008732E503FFF00AF4B34 /* SearchView.swift in Sources */,
				E5B5F6192E8DA15600A61167 /* PostResponseModel.swift in Sources */,
				E5F9BA0E2EC010350035244D /* Hashtag.swift in Sources */,
				E5B5830C2EC15332000A6A1B /* MFAView.swift in Sources */,
				E5D24FAB2EA94E1000FEEEF5 /* VeloEventComponent.swift in Sources */,
				E55662FC2EC3C01200290475 /* VeloCommonToolbar.swift in Sources */,
				91A5B6922E3B0EBC00038DE9 /* MapsLocationService.swift in Sources */,
				E5F9BA122EC0115C0035244D /* Comment.swift in Sources */,
				91A5B68E2E3B0A4400038DE9 /* LoginView.swift in Sources */,
				E5B582FA2EC14A88000A6A1B /* User+APIClient.swift in Sources */,
				E56C8FFF2ECF9946002312D3 /* StartRouteView.swift in Sources */,
				E5D24FAD2EA9504100FEEEF5 /* EventsViewModel.swift in Sources */,
				911BF2F02E43C3E400CEEAB0 /* SavedRoutesView.swift in Sources */,
				E56C8FF92ECF7735002312D3 /* Tabs.swift in Sources */,
				E5B583042EC14B3A000A6A1B /* LoginTokenResponse.swift in Sources */,
				E5B24BE82ED22B74002EFB56 /* RefreshTokenResponse.swift in Sources */,
				E5733F962ED7E1DE00284FB1 /* RegisterView.swift in Sources */,
				E5DA7F092EC2E0AB0052D0F1 /* MFAKeyStore.swift in Sources */,
				E5F9BA162EC012810035244D /* Follower.swift in Sources */,
				91A5B6852E3B07A700038DE9 /* NavigationRouter.swift in Sources */,
				E54483C72ECCED8A00E34870 /* ViewExtensions.swift in Sources */,
				E51FDF5A2ED6186F00E2842B /* Events+Endpoint.swift in Sources */,
				E51FDF5B2ED6186F00E2842B /* Subscription.swift in Sources */,
				E51FDF5C2ED6186F00E2842B /* Events+APIClient.swift in Sources */,
				E51FDF5D2ED6186F00E2842B /* Event.swift in Sources */,
				E5F9BA142EC012130035244D /* Member.swift in Sources */,
				E56C8FFD2ECF96E9002312D3 /* Sheets.swift in Sources */,
			);
			runOnlyForDeploymentPostprocessing = 0;
		};
		91A5B6622E3B058E00038DE9 /* Sources */ = {
			isa = PBXSourcesBuildPhase;
			buildActionMask = 2147483647;
			files = (
				91A5B66B2E3B058E00038DE9 /* VeloiOSAppTests.swift in Sources */,
			);
			runOnlyForDeploymentPostprocessing = 0;
		};
		91A5B66C2E3B058E00038DE9 /* Sources */ = {
			isa = PBXSourcesBuildPhase;
			buildActionMask = 2147483647;
			files = (
				91A5B6772E3B058E00038DE9 /* VeloiOSAppUITestsLaunchTests.swift in Sources */,
				91A5B6752E3B058E00038DE9 /* VeloiOSAppUITests.swift in Sources */,
			);
			runOnlyForDeploymentPostprocessing = 0;
		};
/* End PBXSourcesBuildPhase section */

/* Begin PBXTargetDependency section */
		91A5B6682E3B058E00038DE9 /* PBXTargetDependency */ = {
			isa = PBXTargetDependency;
			target = 91A5B6552E3B058900038DE9 /* VeloiOSApp */;
			targetProxy = 91A5B6672E3B058E00038DE9 /* PBXContainerItemProxy */;
		};
		91A5B6722E3B058E00038DE9 /* PBXTargetDependency */ = {
			isa = PBXTargetDependency;
			target = 91A5B6552E3B058900038DE9 /* VeloiOSApp */;
			targetProxy = 91A5B6712E3B058E00038DE9 /* PBXContainerItemProxy */;
		};
/* End PBXTargetDependency section */

/* Begin XCBuildConfiguration section */
		91A5B6782E3B058E00038DE9 /* Debug */ = {
			isa = XCBuildConfiguration;
			buildSettings = {
				ALWAYS_SEARCH_USER_PATHS = NO;
				CLANG_ANALYZER_NONNULL = YES;
				CLANG_ANALYZER_NUMBER_OBJECT_CONVERSION = YES_AGGRESSIVE;
				CLANG_CXX_LANGUAGE_STANDARD = "gnu++20";
				CLANG_ENABLE_MODULES = YES;
				CLANG_ENABLE_OBJC_ARC = YES;
				CLANG_ENABLE_OBJC_WEAK = YES;
				CLANG_WARN_BLOCK_CAPTURE_AUTORELEASING = YES;
				CLANG_WARN_BOOL_CONVERSION = YES;
				CLANG_WARN_COMMA = YES;
				CLANG_WARN_CONSTANT_CONVERSION = YES;
				CLANG_WARN_DEPRECATED_OBJC_IMPLEMENTATIONS = YES;
				CLANG_WARN_DIRECT_OBJC_ISA_USAGE = YES_ERROR;
				CLANG_WARN_DOCUMENTATION_COMMENTS = YES;
				CLANG_WARN_EMPTY_BODY = YES;
				CLANG_WARN_ENUM_CONVERSION = YES;
				CLANG_WARN_INFINITE_RECURSION = YES;
				CLANG_WARN_INT_CONVERSION = YES;
				CLANG_WARN_NON_LITERAL_NULL_CONVERSION = YES;
				CLANG_WARN_OBJC_IMPLICIT_RETAIN_SELF = YES;
				CLANG_WARN_OBJC_LITERAL_CONVERSION = YES;
				CLANG_WARN_OBJC_ROOT_CLASS = YES_ERROR;
				CLANG_WARN_QUOTED_INCLUDE_IN_FRAMEWORK_HEADER = YES;
				CLANG_WARN_RANGE_LOOP_ANALYSIS = YES;
				CLANG_WARN_STRICT_PROTOTYPES = YES;
				CLANG_WARN_SUSPICIOUS_MOVE = YES;
				CLANG_WARN_UNGUARDED_AVAILABILITY = YES_AGGRESSIVE;
				CLANG_WARN_UNREACHABLE_CODE = YES;
				CLANG_WARN__DUPLICATE_METHOD_MATCH = YES;
				COPY_PHASE_STRIP = NO;
				DEBUG_INFORMATION_FORMAT = dwarf;
				ENABLE_STRICT_OBJC_MSGSEND = YES;
				ENABLE_TESTABILITY = YES;
				ENABLE_USER_SCRIPT_SANDBOXING = YES;
				GCC_C_LANGUAGE_STANDARD = gnu11;
				GCC_DYNAMIC_NO_PIC = NO;
				GCC_NO_COMMON_BLOCKS = YES;
				GCC_OPTIMIZATION_LEVEL = 0;
				GCC_PREPROCESSOR_DEFINITIONS = (
					"DEBUG=1",
					"$(inherited)",
				);
				GCC_WARN_64_TO_32_BIT_CONVERSION = YES;
				GCC_WARN_ABOUT_RETURN_TYPE = YES_ERROR;
				GCC_WARN_UNDECLARED_SELECTOR = YES;
				GCC_WARN_UNINITIALIZED_AUTOS = YES_AGGRESSIVE;
				GCC_WARN_UNUSED_FUNCTION = YES;
				GCC_WARN_UNUSED_VARIABLE = YES;
				IPHONEOS_DEPLOYMENT_TARGET = 16.4;
				MTL_ENABLE_DEBUG_INFO = INCLUDE_SOURCE;
				MTL_FAST_MATH = YES;
				ONLY_ACTIVE_ARCH = YES;
				SDKROOT = iphoneos;
				STRING_CATALOG_GENERATE_SYMBOLS = YES;
				SWIFT_ACTIVE_COMPILATION_CONDITIONS = DEBUG;
				SWIFT_OPTIMIZATION_LEVEL = "-Onone";
			};
			name = Debug;
		};
		91A5B6792E3B058E00038DE9 /* Release */ = {
			isa = XCBuildConfiguration;
			buildSettings = {
				ALWAYS_SEARCH_USER_PATHS = NO;
				CLANG_ANALYZER_NONNULL = YES;
				CLANG_ANALYZER_NUMBER_OBJECT_CONVERSION = YES_AGGRESSIVE;
				CLANG_CXX_LANGUAGE_STANDARD = "gnu++20";
				CLANG_ENABLE_MODULES = YES;
				CLANG_ENABLE_OBJC_ARC = YES;
				CLANG_ENABLE_OBJC_WEAK = YES;
				CLANG_WARN_BLOCK_CAPTURE_AUTORELEASING = YES;
				CLANG_WARN_BOOL_CONVERSION = YES;
				CLANG_WARN_COMMA = YES;
				CLANG_WARN_CONSTANT_CONVERSION = YES;
				CLANG_WARN_DEPRECATED_OBJC_IMPLEMENTATIONS = YES;
				CLANG_WARN_DIRECT_OBJC_ISA_USAGE = YES_ERROR;
				CLANG_WARN_DOCUMENTATION_COMMENTS = YES;
				CLANG_WARN_EMPTY_BODY = YES;
				CLANG_WARN_ENUM_CONVERSION = YES;
				CLANG_WARN_INFINITE_RECURSION = YES;
				CLANG_WARN_INT_CONVERSION = YES;
				CLANG_WARN_NON_LITERAL_NULL_CONVERSION = YES;
				CLANG_WARN_OBJC_IMPLICIT_RETAIN_SELF = YES;
				CLANG_WARN_OBJC_LITERAL_CONVERSION = YES;
				CLANG_WARN_OBJC_ROOT_CLASS = YES_ERROR;
				CLANG_WARN_QUOTED_INCLUDE_IN_FRAMEWORK_HEADER = YES;
				CLANG_WARN_RANGE_LOOP_ANALYSIS = YES;
				CLANG_WARN_STRICT_PROTOTYPES = YES;
				CLANG_WARN_SUSPICIOUS_MOVE = YES;
				CLANG_WARN_UNGUARDED_AVAILABILITY = YES_AGGRESSIVE;
				CLANG_WARN_UNREACHABLE_CODE = YES;
				CLANG_WARN__DUPLICATE_METHOD_MATCH = YES;
				COPY_PHASE_STRIP = NO;
				DEBUG_INFORMATION_FORMAT = "dwarf-with-dsym";
				ENABLE_NS_ASSERTIONS = NO;
				ENABLE_STRICT_OBJC_MSGSEND = YES;
				ENABLE_USER_SCRIPT_SANDBOXING = YES;
				GCC_C_LANGUAGE_STANDARD = gnu11;
				GCC_NO_COMMON_BLOCKS = YES;
				GCC_WARN_64_TO_32_BIT_CONVERSION = YES;
				GCC_WARN_ABOUT_RETURN_TYPE = YES_ERROR;
				GCC_WARN_UNDECLARED_SELECTOR = YES;
				GCC_WARN_UNINITIALIZED_AUTOS = YES_AGGRESSIVE;
				GCC_WARN_UNUSED_FUNCTION = YES;
				GCC_WARN_UNUSED_VARIABLE = YES;
				IPHONEOS_DEPLOYMENT_TARGET = 16.4;
				MTL_ENABLE_DEBUG_INFO = NO;
				MTL_FAST_MATH = YES;
				SDKROOT = iphoneos;
				STRING_CATALOG_GENERATE_SYMBOLS = YES;
				SWIFT_COMPILATION_MODE = wholemodule;
				SWIFT_OPTIMIZATION_LEVEL = "-O";
				VALIDATE_PRODUCT = YES;
			};
			name = Release;
		};
		91A5B67B2E3B058E00038DE9 /* Debug */ = {
			isa = XCBuildConfiguration;
			buildSettings = {
				ASSETCATALOG_COMPILER_APPICON_NAME = AppIcon;
				ASSETCATALOG_COMPILER_GLOBAL_ACCENT_COLOR_NAME = AccentColor;
				CODE_SIGN_STYLE = Automatic;
				CURRENT_PROJECT_VERSION = 1;
				DEBUG_INFORMATION_FORMAT = "dwarf-with-dsym";
				DEVELOPMENT_ASSET_PATHS = "\"VeloiOSApp/Preview Content\"";
				DEVELOPMENT_TEAM = 5W8PAAS8ZN;
				ENABLE_PREVIEWS = YES;
				ENABLE_USER_SCRIPT_SANDBOXING = NO;
				GENERATE_INFOPLIST_FILE = YES;
				INFOPLIST_FILE = VeloiOSApp/Info.plist;
				INFOPLIST_KEY_UIApplicationSceneManifest_Generation = YES;
				INFOPLIST_KEY_UIApplicationSupportsIndirectInputEvents = YES;
				INFOPLIST_KEY_UILaunchScreen_Generation = YES;
				INFOPLIST_KEY_UISupportedInterfaceOrientations_iPad = "UIInterfaceOrientationPortrait UIInterfaceOrientationPortraitUpsideDown UIInterfaceOrientationLandscapeLeft UIInterfaceOrientationLandscapeRight";
				INFOPLIST_KEY_UISupportedInterfaceOrientations_iPhone = "UIInterfaceOrientationPortrait UIInterfaceOrientationLandscapeLeft UIInterfaceOrientationLandscapeRight";
				IPHONEOS_DEPLOYMENT_TARGET = 26.0;
				LD_RUNPATH_SEARCH_PATHS = (
					"$(inherited)",
					"@executable_path/Frameworks",
				);
				MARKETING_VERSION = 1.0;
				PRODUCT_BUNDLE_IDENTIFIER = com.velo.VeloiOSApp;
				PRODUCT_NAME = Velo;
				SWIFT_EMIT_LOC_STRINGS = YES;
				SWIFT_VERSION = 5.0;
				TARGETED_DEVICE_FAMILY = "1,2";
			};
			name = Debug;
		};
		91A5B67C2E3B058E00038DE9 /* Release */ = {
			isa = XCBuildConfiguration;
			buildSettings = {
				ASSETCATALOG_COMPILER_APPICON_NAME = AppIcon;
				ASSETCATALOG_COMPILER_GLOBAL_ACCENT_COLOR_NAME = AccentColor;
				CODE_SIGN_STYLE = Automatic;
				CURRENT_PROJECT_VERSION = 1;
				DEBUG_INFORMATION_FORMAT = "dwarf-with-dsym";
				DEVELOPMENT_ASSET_PATHS = "\"VeloiOSApp/Preview Content\"";
				DEVELOPMENT_TEAM = 5W8PAAS8ZN;
				ENABLE_PREVIEWS = YES;
				ENABLE_USER_SCRIPT_SANDBOXING = NO;
				GENERATE_INFOPLIST_FILE = YES;
				INFOPLIST_FILE = VeloiOSApp/Info.plist;
				INFOPLIST_KEY_UIApplicationSceneManifest_Generation = YES;
				INFOPLIST_KEY_UIApplicationSupportsIndirectInputEvents = YES;
				INFOPLIST_KEY_UILaunchScreen_Generation = YES;
				INFOPLIST_KEY_UISupportedInterfaceOrientations_iPad = "UIInterfaceOrientationPortrait UIInterfaceOrientationPortraitUpsideDown UIInterfaceOrientationLandscapeLeft UIInterfaceOrientationLandscapeRight";
				INFOPLIST_KEY_UISupportedInterfaceOrientations_iPhone = "UIInterfaceOrientationPortrait UIInterfaceOrientationLandscapeLeft UIInterfaceOrientationLandscapeRight";
				IPHONEOS_DEPLOYMENT_TARGET = 26.0;
				LD_RUNPATH_SEARCH_PATHS = (
					"$(inherited)",
					"@executable_path/Frameworks",
				);
				MARKETING_VERSION = 1.0;
				PRODUCT_BUNDLE_IDENTIFIER = com.velo.VeloiOSApp;
				PRODUCT_NAME = Velo;
				SWIFT_EMIT_LOC_STRINGS = YES;
				SWIFT_VERSION = 5.0;
				TARGETED_DEVICE_FAMILY = "1,2";
			};
			name = Release;
		};
		91A5B67E2E3B058E00038DE9 /* Debug */ = {
			isa = XCBuildConfiguration;
			buildSettings = {
				BUNDLE_LOADER = "$(TEST_HOST)";
				CODE_SIGN_STYLE = Automatic;
				CURRENT_PROJECT_VERSION = 1;
				GENERATE_INFOPLIST_FILE = YES;
				IPHONEOS_DEPLOYMENT_TARGET = 16.4;
				MARKETING_VERSION = 1.0;
				PRODUCT_BUNDLE_IDENTIFIER = com.velo.VeloiOSAppTests;
				PRODUCT_NAME = "$(TARGET_NAME)";
				SWIFT_EMIT_LOC_STRINGS = NO;
				SWIFT_VERSION = 5.0;
				TARGETED_DEVICE_FAMILY = "1,2";
				TEST_HOST = "$(BUILT_PRODUCTS_DIR)/VeloiOSApp.app/$(BUNDLE_EXECUTABLE_FOLDER_PATH)/VeloiOSApp";
			};
			name = Debug;
		};
		91A5B67F2E3B058E00038DE9 /* Release */ = {
			isa = XCBuildConfiguration;
			buildSettings = {
				BUNDLE_LOADER = "$(TEST_HOST)";
				CODE_SIGN_STYLE = Automatic;
				CURRENT_PROJECT_VERSION = 1;
				GENERATE_INFOPLIST_FILE = YES;
				IPHONEOS_DEPLOYMENT_TARGET = 16.4;
				MARKETING_VERSION = 1.0;
				PRODUCT_BUNDLE_IDENTIFIER = com.velo.VeloiOSAppTests;
				PRODUCT_NAME = "$(TARGET_NAME)";
				SWIFT_EMIT_LOC_STRINGS = NO;
				SWIFT_VERSION = 5.0;
				TARGETED_DEVICE_FAMILY = "1,2";
				TEST_HOST = "$(BUILT_PRODUCTS_DIR)/VeloiOSApp.app/$(BUNDLE_EXECUTABLE_FOLDER_PATH)/VeloiOSApp";
			};
			name = Release;
		};
		91A5B6812E3B058E00038DE9 /* Debug */ = {
			isa = XCBuildConfiguration;
			buildSettings = {
				CODE_SIGN_STYLE = Automatic;
				CURRENT_PROJECT_VERSION = 1;
				GENERATE_INFOPLIST_FILE = YES;
				MARKETING_VERSION = 1.0;
				PRODUCT_BUNDLE_IDENTIFIER = com.velo.VeloiOSAppUITests;
				PRODUCT_NAME = "$(TARGET_NAME)";
				SWIFT_EMIT_LOC_STRINGS = NO;
				SWIFT_VERSION = 5.0;
				TARGETED_DEVICE_FAMILY = "1,2";
				TEST_TARGET_NAME = VeloiOSApp;
			};
			name = Debug;
		};
		91A5B6822E3B058E00038DE9 /* Release */ = {
			isa = XCBuildConfiguration;
			buildSettings = {
				CODE_SIGN_STYLE = Automatic;
				CURRENT_PROJECT_VERSION = 1;
				GENERATE_INFOPLIST_FILE = YES;
				MARKETING_VERSION = 1.0;
				PRODUCT_BUNDLE_IDENTIFIER = com.velo.VeloiOSAppUITests;
				PRODUCT_NAME = "$(TARGET_NAME)";
				SWIFT_EMIT_LOC_STRINGS = NO;
				SWIFT_VERSION = 5.0;
				TARGETED_DEVICE_FAMILY = "1,2";
				TEST_TARGET_NAME = VeloiOSApp;
			};
			name = Release;
		};
/* End XCBuildConfiguration section */

/* Begin XCConfigurationList section */
		91A5B6512E3B058900038DE9 /* Build configuration list for PBXProject "VeloiOSApp" */ = {
			isa = XCConfigurationList;
			buildConfigurations = (
				91A5B6782E3B058E00038DE9 /* Debug */,
				91A5B6792E3B058E00038DE9 /* Release */,
			);
			defaultConfigurationIsVisible = 0;
			defaultConfigurationName = Release;
		};
		91A5B67A2E3B058E00038DE9 /* Build configuration list for PBXNativeTarget "VeloiOSApp" */ = {
			isa = XCConfigurationList;
			buildConfigurations = (
				91A5B67B2E3B058E00038DE9 /* Debug */,
				91A5B67C2E3B058E00038DE9 /* Release */,
			);
			defaultConfigurationIsVisible = 0;
			defaultConfigurationName = Release;
		};
		91A5B67D2E3B058E00038DE9 /* Build configuration list for PBXNativeTarget "VeloiOSAppTests" */ = {
			isa = XCConfigurationList;
			buildConfigurations = (
				91A5B67E2E3B058E00038DE9 /* Debug */,
				91A5B67F2E3B058E00038DE9 /* Release */,
			);
			defaultConfigurationIsVisible = 0;
			defaultConfigurationName = Release;
		};
		91A5B6802E3B058E00038DE9 /* Build configuration list for PBXNativeTarget "VeloiOSAppUITests" */ = {
			isa = XCConfigurationList;
			buildConfigurations = (
				91A5B6812E3B058E00038DE9 /* Debug */,
				91A5B6822E3B058E00038DE9 /* Release */,
			);
			defaultConfigurationIsVisible = 0;
			defaultConfigurationName = Release;
		};
/* End XCConfigurationList section */

/* Begin XCRemoteSwiftPackageReference section */
		0667550EE05A480EBD479324 /* XCRemoteSwiftPackageReference "sentry-cocoa" */ = {
			isa = XCRemoteSwiftPackageReference;
			repositoryURL = "https://github.com/getsentry/sentry-cocoa/";
			requirement = {
				kind = upToNextMajorVersion;
				minimumVersion = 8.0.0;
			};
		};
		9119837D2E42C3CC0040C992 /* XCRemoteSwiftPackageReference "keychain-swift" */ = {
			isa = XCRemoteSwiftPackageReference;
			repositoryURL = "https://github.com/evgenyneu/keychain-swift";
			requirement = {
				kind = upToNextMajorVersion;
				minimumVersion = 24.0.0;
			};
		};
		E55662F72EC3B6E400290475 /* XCRemoteSwiftPackageReference "Kingfisher" */ = {
			isa = XCRemoteSwiftPackageReference;
			repositoryURL = "https://github.com/onevcat/Kingfisher";
			requirement = {
				kind = upToNextMajorVersion;
				minimumVersion = 8.6.1;
			};
		};
		E5D24F9F2EA9471B00FEEEF5 /* XCRemoteSwiftPackageReference "ios-maps-sdk" */ = {
			isa = XCRemoteSwiftPackageReference;
			repositoryURL = "https://github.com/googlemaps/ios-maps-sdk";
			requirement = {
				kind = upToNextMajorVersion;
				minimumVersion = 10.4.0;
			};
		};
		E5D5E48C2ECE33B100C4FFC4 /* XCRemoteSwiftPackageReference "ios-places-sdk" */ = {
			isa = XCRemoteSwiftPackageReference;
			repositoryURL = "https://github.com/googlemaps/ios-places-sdk";
			requirement = {
				kind = upToNextMajorVersion;
				minimumVersion = 10.4.0;
			};
		};
/* End XCRemoteSwiftPackageReference section */

/* Begin XCSwiftPackageProductDependency section */
		1367FB6B34374FD7AE81F823 /* Sentry */ = {
			isa = XCSwiftPackageProductDependency;
			package = 0667550EE05A480EBD479324 /* XCRemoteSwiftPackageReference "sentry-cocoa" */;
			productName = Sentry;
		};
		9119837E2E42C3CC0040C992 /* KeychainSwift */ = {
			isa = XCSwiftPackageProductDependency;
			package = 9119837D2E42C3CC0040C992 /* XCRemoteSwiftPackageReference "keychain-swift" */;
			productName = KeychainSwift;
		};
		E55662F82EC3B6E400290475 /* Kingfisher */ = {
			isa = XCSwiftPackageProductDependency;
			package = E55662F72EC3B6E400290475 /* XCRemoteSwiftPackageReference "Kingfisher" */;
			productName = Kingfisher;
		};
		E5D24FA02EA9471B00FEEEF5 /* GoogleMaps */ = {
			isa = XCSwiftPackageProductDependency;
			package = E5D24F9F2EA9471B00FEEEF5 /* XCRemoteSwiftPackageReference "ios-maps-sdk" */;
			productName = GoogleMaps;
		};
		E5D5E48D2ECE33B100C4FFC4 /* GooglePlaces */ = {
			isa = XCSwiftPackageProductDependency;
			package = E5D5E48C2ECE33B100C4FFC4 /* XCRemoteSwiftPackageReference "ios-places-sdk" */;
			productName = GooglePlaces;
		};
		E5D5E48F2ECE33B100C4FFC4 /* GooglePlacesSwift */ = {
			isa = XCSwiftPackageProductDependency;
			package = E5D5E48C2ECE33B100C4FFC4 /* XCRemoteSwiftPackageReference "ios-places-sdk" */;
			productName = GooglePlacesSwift;
		};
/* End XCSwiftPackageProductDependency section */
	};
	rootObject = 91A5B64E2E3B058900038DE9 /* Project object */;
}
