// !$*UTF8*$!
{
	archiveVersion = 1;
	classes = {
	};
	objectVersion = 56;
	objects = {

/* Begin PBXBuildFile section */
		9119837C2E42C3460040C992 /* TokenStore.swift in Sources */ = {isa = PBXBuildFile; fileRef = 9119837B2E42C3460040C992 /* TokenStore.swift */; };
		9119837F2E42C3CC0040C992 /* KeychainSwift in Frameworks */ = {isa = PBXBuildFile; productRef = 9119837E2E42C3CC0040C992 /* KeychainSwift */; };
		911983822E42C5AD0040C992 /* AuthService.swift in Sources */ = {isa = PBXBuildFile; fileRef = 911983812E42C5AD0040C992 /* AuthService.swift */; };
		911B835D2E3BDA2A00281364 /* HomeViewModel.swift in Sources */ = {isa = PBXBuildFile; fileRef = 911B835C2E3BDA2A00281364 /* HomeViewModel.swift */; };
		911B83612E3BE67400281364 /* MainAppView.swift in Sources */ = {isa = PBXBuildFile; fileRef = 911B83602E3BE67400281364 /* MainAppView.swift */; };
		911B83642E3BFBD700281364 /* LoginViewModel.swift in Sources */ = {isa = PBXBuildFile; fileRef = 911B83632E3BFBD700281364 /* LoginViewModel.swift */; };
		911BF2F02E43C3E400CEEAB0 /* SavedRoutesView.swift in Sources */ = {isa = PBXBuildFile; fileRef = 911BF2EF2E43C3E400CEEAB0 /* SavedRoutesView.swift */; };
		911BF2F32E43CACB00CEEAB0 /* VeloRoundedCorner.swift in Sources */ = {isa = PBXBuildFile; fileRef = 911BF2F22E43CACB00CEEAB0 /* VeloRoundedCorner.swift */; };
		91A50B212E3C603C0010E208 /* Font.swift in Sources */ = {isa = PBXBuildFile; fileRef = 91A50B202E3C603C0010E208 /* Font.swift */; };
		91A50B272E3C63C60010E208 /* Outfit-VariableFont_wght.ttf in Resources */ = {isa = PBXBuildFile; fileRef = 91A50B262E3C63C60010E208 /* Outfit-VariableFont_wght.ttf */; };
		91A50B2A2E3C642C0010E208 /* VeloTextField.swift in Sources */ = {isa = PBXBuildFile; fileRef = 91A50B292E3C642C0010E208 /* VeloTextField.swift */; };
		91A5B65A2E3B058900038DE9 /* VeloiOSAppApp.swift in Sources */ = {isa = PBXBuildFile; fileRef = 91A5B6592E3B058900038DE9 /* VeloiOSAppApp.swift */; };
		91A5B65E2E3B058D00038DE9 /* Assets.xcassets in Resources */ = {isa = PBXBuildFile; fileRef = 91A5B65D2E3B058D00038DE9 /* Assets.xcassets */; };
		91A5B6612E3B058D00038DE9 /* Preview Assets.xcassets in Resources */ = {isa = PBXBuildFile; fileRef = 91A5B6602E3B058D00038DE9 /* Preview Assets.xcassets */; };
		91A5B66B2E3B058E00038DE9 /* VeloiOSAppTests.swift in Sources */ = {isa = PBXBuildFile; fileRef = 91A5B66A2E3B058E00038DE9 /* VeloiOSAppTests.swift */; };
		91A5B6752E3B058E00038DE9 /* VeloiOSAppUITests.swift in Sources */ = {isa = PBXBuildFile; fileRef = 91A5B6742E3B058E00038DE9 /* VeloiOSAppUITests.swift */; };
		91A5B6772E3B058E00038DE9 /* VeloiOSAppUITestsLaunchTests.swift in Sources */ = {isa = PBXBuildFile; fileRef = 91A5B6762E3B058E00038DE9 /* VeloiOSAppUITestsLaunchTests.swift */; };
		91A5B6852E3B07A700038DE9 /* NavigationRouter.swift in Sources */ = {isa = PBXBuildFile; fileRef = 91A5B6842E3B07A700038DE9 /* NavigationRouter.swift */; };
		91A5B68A2E3B088F00038DE9 /* HomeView.swift in Sources */ = {isa = PBXBuildFile; fileRef = 91A5B6892E3B088F00038DE9 /* HomeView.swift */; };
		91A5B68E2E3B0A4400038DE9 /* LoginView.swift in Sources */ = {isa = PBXBuildFile; fileRef = 91A5B68D2E3B0A4400038DE9 /* LoginView.swift */; };
		91A5B6922E3B0EBC00038DE9 /* MapsLocationService.swift in Sources */ = {isa = PBXBuildFile; fileRef = 91A5B6912E3B0EBC00038DE9 /* MapsLocationService.swift */; };
		E54008732E503FFF00AF4B34 /* SearchView.swift in Sources */ = {isa = PBXBuildFile; fileRef = E54008722E503FFF00AF4B34 /* SearchView.swift */; };
		E5AC973A2E71EBEA00B27508 /* SavedRoutesViewModel.swift in Sources */ = {isa = PBXBuildFile; fileRef = E5AC97392E71EBDD00B27508 /* SavedRoutesViewModel.swift */; };
		E5AC973D2E71EC5C00B27508 /* SavedRoutesModel.swift in Sources */ = {isa = PBXBuildFile; fileRef = E5AC973C2E71EC5400B27508 /* SavedRoutesModel.swift */; };
		E5AC973F2E71F03600B27508 /* DateExtensions.swift in Sources */ = {isa = PBXBuildFile; fileRef = E5AC973E2E71F02E00B27508 /* DateExtensions.swift */; };
/* End PBXBuildFile section */

/* Begin PBXContainerItemProxy section */
		91A5B6672E3B058E00038DE9 /* PBXContainerItemProxy */ = {
			isa = PBXContainerItemProxy;
			containerPortal = 91A5B64E2E3B058900038DE9 /* Project object */;
			proxyType = 1;
			remoteGlobalIDString = 91A5B6552E3B058900038DE9;
			remoteInfo = VeloiOSApp;
		};
		91A5B6712E3B058E00038DE9 /* PBXContainerItemProxy */ = {
			isa = PBXContainerItemProxy;
			containerPortal = 91A5B64E2E3B058900038DE9 /* Project object */;
			proxyType = 1;
			remoteGlobalIDString = 91A5B6552E3B058900038DE9;
			remoteInfo = VeloiOSApp;
		};
/* End PBXContainerItemProxy section */

/* Begin PBXFileReference section */
		9119837B2E42C3460040C992 /* TokenStore.swift */ = {isa = PBXFileReference; lastKnownFileType = sourcecode.swift; path = TokenStore.swift; sourceTree = "<group>"; };
		911983812E42C5AD0040C992 /* AuthService.swift */ = {isa = PBXFileReference; lastKnownFileType = sourcecode.swift; path = AuthService.swift; sourceTree = "<group>"; };
		911B835C2E3BDA2A00281364 /* HomeViewModel.swift */ = {isa = PBXFileReference; lastKnownFileType = sourcecode.swift; path = HomeViewModel.swift; sourceTree = "<group>"; };
		911B83602E3BE67400281364 /* MainAppView.swift */ = {isa = PBXFileReference; lastKnownFileType = sourcecode.swift; path = MainAppView.swift; sourceTree = "<group>"; };
		911B83632E3BFBD700281364 /* LoginViewModel.swift */ = {isa = PBXFileReference; lastKnownFileType = sourcecode.swift; path = LoginViewModel.swift; sourceTree = "<group>"; };
		911BF2EF2E43C3E400CEEAB0 /* SavedRoutesView.swift */ = {isa = PBXFileReference; lastKnownFileType = sourcecode.swift; path = SavedRoutesView.swift; sourceTree = "<group>"; };
		911BF2F22E43CACB00CEEAB0 /* VeloRoundedCorner.swift */ = {isa = PBXFileReference; lastKnownFileType = sourcecode.swift; path = VeloRoundedCorner.swift; sourceTree = "<group>"; };
		91A50B1F2E3C5F9C0010E208 /* Info.plist */ = {isa = PBXFileReference; lastKnownFileType = text.plist; path = Info.plist; sourceTree = "<group>"; };
		91A50B202E3C603C0010E208 /* Font.swift */ = {isa = PBXFileReference; lastKnownFileType = sourcecode.swift; path = Font.swift; sourceTree = "<group>"; };
		91A50B262E3C63C60010E208 /* Outfit-VariableFont_wght.ttf */ = {isa = PBXFileReference; lastKnownFileType = file; name = "Outfit-VariableFont_wght.ttf"; path = "VeloiOSApp/App/Fonts/Outfit-VariableFont_wght.ttf"; sourceTree = "<group>"; };
		91A50B292E3C642C0010E208 /* VeloTextField.swift */ = {isa = PBXFileReference; lastKnownFileType = sourcecode.swift; path = VeloTextField.swift; sourceTree = "<group>"; };
		91A5B6562E3B058900038DE9 /* Velo.app */ = {isa = PBXFileReference; explicitFileType = wrapper.application; includeInIndex = 0; path = Velo.app; sourceTree = BUILT_PRODUCTS_DIR; };
		91A5B6592E3B058900038DE9 /* VeloiOSAppApp.swift */ = {isa = PBXFileReference; lastKnownFileType = sourcecode.swift; path = VeloiOSAppApp.swift; sourceTree = "<group>"; };
		91A5B65D2E3B058D00038DE9 /* Assets.xcassets */ = {isa = PBXFileReference; lastKnownFileType = folder.assetcatalog; path = Assets.xcassets; sourceTree = "<group>"; };
		91A5B6602E3B058D00038DE9 /* Preview Assets.xcassets */ = {isa = PBXFileReference; lastKnownFileType = folder.assetcatalog; path = "Preview Assets.xcassets"; sourceTree = "<group>"; };
		91A5B6662E3B058E00038DE9 /* VeloiOSAppTests.xctest */ = {isa = PBXFileReference; explicitFileType = wrapper.cfbundle; includeInIndex = 0; path = VeloiOSAppTests.xctest; sourceTree = BUILT_PRODUCTS_DIR; };
		91A5B66A2E3B058E00038DE9 /* VeloiOSAppTests.swift */ = {isa = PBXFileReference; lastKnownFileType = sourcecode.swift; path = VeloiOSAppTests.swift; sourceTree = "<group>"; };
		91A5B6702E3B058E00038DE9 /* VeloiOSAppUITests.xctest */ = {isa = PBXFileReference; explicitFileType = wrapper.cfbundle; includeInIndex = 0; path = VeloiOSAppUITests.xctest; sourceTree = BUILT_PRODUCTS_DIR; };
		91A5B6742E3B058E00038DE9 /* VeloiOSAppUITests.swift */ = {isa = PBXFileReference; lastKnownFileType = sourcecode.swift; path = VeloiOSAppUITests.swift; sourceTree = "<group>"; };
		91A5B6762E3B058E00038DE9 /* VeloiOSAppUITestsLaunchTests.swift */ = {isa = PBXFileReference; lastKnownFileType = sourcecode.swift; path = VeloiOSAppUITestsLaunchTests.swift; sourceTree = "<group>"; };
		91A5B6842E3B07A700038DE9 /* NavigationRouter.swift */ = {isa = PBXFileReference; lastKnownFileType = sourcecode.swift; path = NavigationRouter.swift; sourceTree = "<group>"; };
		91A5B6892E3B088F00038DE9 /* HomeView.swift */ = {isa = PBXFileReference; lastKnownFileType = sourcecode.swift; path = HomeView.swift; sourceTree = "<group>"; };
		91A5B68D2E3B0A4400038DE9 /* LoginView.swift */ = {isa = PBXFileReference; lastKnownFileType = sourcecode.swift; path = LoginView.swift; sourceTree = "<group>"; };
		91A5B6912E3B0EBC00038DE9 /* MapsLocationService.swift */ = {isa = PBXFileReference; lastKnownFileType = sourcecode.swift; path = MapsLocationService.swift; sourceTree = "<group>"; };
		E54008722E503FFF00AF4B34 /* SearchView.swift */ = {isa = PBXFileReference; lastKnownFileType = sourcecode.swift; path = SearchView.swift; sourceTree = "<group>"; };
		E5AC97392E71EBDD00B27508 /* SavedRoutesViewModel.swift */ = {isa = PBXFileReference; lastKnownFileType = sourcecode.swift; path = SavedRoutesViewModel.swift; sourceTree = "<group>"; };
		E5AC973C2E71EC5400B27508 /* SavedRoutesModel.swift */ = {isa = PBXFileReference; lastKnownFileType = sourcecode.swift; path = SavedRoutesModel.swift; sourceTree = "<group>"; };
		E5AC973E2E71F02E00B27508 /* DateExtensions.swift */ = {isa = PBXFileReference; lastKnownFileType = sourcecode.swift; path = DateExtensions.swift; sourceTree = "<group>"; };
/* End PBXFileReference section */

/* Begin PBXFrameworksBuildPhase section */
		91A5B6532E3B058900038DE9 /* Frameworks */ = {
			isa = PBXFrameworksBuildPhase;
			buildActionMask = 2147483647;
			files = (
				9119837F2E42C3CC0040C992 /* KeychainSwift in Frameworks */,
			);
			runOnlyForDeploymentPostprocessing = 0;
		};
		91A5B6632E3B058E00038DE9 /* Frameworks */ = {
			isa = PBXFrameworksBuildPhase;
			buildActionMask = 2147483647;
			files = (
			);
			runOnlyForDeploymentPostprocessing = 0;
		};
		91A5B66D2E3B058E00038DE9 /* Frameworks */ = {
			isa = PBXFrameworksBuildPhase;
			buildActionMask = 2147483647;
			files = (
			);
			runOnlyForDeploymentPostprocessing = 0;
		};
/* End PBXFrameworksBuildPhase section */

/* Begin PBXGroup section */
		911983802E42C59C0040C992 /* Auth */ = {
			isa = PBXGroup;
			children = (
				911983812E42C5AD0040C992 /* AuthService.swift */,
			);
			path = Auth;
			sourceTree = "<group>";
		};
		911B835B2E3BDA0E00281364 /* ViewModels */ = {
			isa = PBXGroup;
			children = (
				911B835C2E3BDA2A00281364 /* HomeViewModel.swift */,
			);
			path = ViewModels;
			sourceTree = "<group>";
		};
		911B835E2E3BE65B00281364 /* App */ = {
			isa = PBXGroup;
			children = (
				E5AC973E2E71F02E00B27508 /* DateExtensions.swift */,
				91A50B1C2E3C5ED10010E208 /* Fonts */,
				911B83602E3BE67400281364 /* MainAppView.swift */,
			);
			path = App;
			sourceTree = "<group>";
		};
		911B83622E3BFBC300281364 /* ViewModels */ = {
			isa = PBXGroup;
			children = (
				911B83632E3BFBD700281364 /* LoginViewModel.swift */,
			);
			path = ViewModels;
			sourceTree = "<group>";
		};
		911BF2ED2E43C3B300CEEAB0 /* Routes */ = {
			isa = PBXGroup;
			children = (
				E5AC973B2E71EC4900B27508 /* Models */,
				E5AC97382E71EBD300B27508 /* ViewModels */,
				911BF2EE2E43C3B900CEEAB0 /* View */,
			);
			path = Routes;
			sourceTree = "<group>";
		};
		911BF2EE2E43C3B900CEEAB0 /* View */ = {
			isa = PBXGroup;
			children = (
				911BF2EF2E43C3E400CEEAB0 /* SavedRoutesView.swift */,
			);
			path = View;
			sourceTree = "<group>";
		};
		911BF2F12E43CAB500CEEAB0 /* Shapes */ = {
			isa = PBXGroup;
			children = (
				911BF2F22E43CACB00CEEAB0 /* VeloRoundedCorner.swift */,
			);
			path = Shapes;
			sourceTree = "<group>";
		};
		91A50B1B2E3C5EC20010E208 /* Shared */ = {
			isa = PBXGroup;
			children = (
				E560B4602E526BB30074C5CB /* Stores */,
				911BF2F12E43CAB500CEEAB0 /* Shapes */,
				91A50B282E3C64100010E208 /* Components */,
			);
			path = Shared;
			sourceTree = "<group>";
		};
		91A50B1C2E3C5ED10010E208 /* Fonts */ = {
			isa = PBXGroup;
			children = (
				91A50B202E3C603C0010E208 /* Font.swift */,
			);
			path = Fonts;
			sourceTree = "<group>";
		};
		91A50B282E3C64100010E208 /* Components */ = {
			isa = PBXGroup;
			children = (
				91A50B292E3C642C0010E208 /* VeloTextField.swift */,
			);
			path = Components;
			sourceTree = "<group>";
		};
		91A5B64D2E3B058900038DE9 = {
			isa = PBXGroup;
			children = (
				91A50B262E3C63C60010E208 /* Outfit-VariableFont_wght.ttf */,
				91A5B6582E3B058900038DE9 /* VeloiOSApp */,
				91A5B6692E3B058E00038DE9 /* VeloiOSAppTests */,
				91A5B6732E3B058E00038DE9 /* VeloiOSAppUITests */,
				91A5B6572E3B058900038DE9 /* Products */,
			);
			sourceTree = "<group>";
		};
		91A5B6572E3B058900038DE9 /* Products */ = {
			isa = PBXGroup;
			children = (
				91A5B6562E3B058900038DE9 /* Velo.app */,
				91A5B6662E3B058E00038DE9 /* VeloiOSAppTests.xctest */,
				91A5B6702E3B058E00038DE9 /* VeloiOSAppUITests.xctest */,
			);
			name = Products;
			sourceTree = "<group>";
		};
		91A5B6582E3B058900038DE9 /* VeloiOSApp */ = {
			isa = PBXGroup;
			children = (
				91A50B1F2E3C5F9C0010E208 /* Info.plist */,
				91A50B1B2E3C5EC20010E208 /* Shared */,
				911B835E2E3BE65B00281364 /* App */,
				91A5B68F2E3B0E9D00038DE9 /* Services */,
				91A5B6862E3B086F00038DE9 /* Features */,
				91A5B6832E3B078300038DE9 /* Routing */,
				91A5B6592E3B058900038DE9 /* VeloiOSAppApp.swift */,
				91A5B65D2E3B058D00038DE9 /* Assets.xcassets */,
				91A5B65F2E3B058D00038DE9 /* Preview Content */,
			);
			path = VeloiOSApp;
			sourceTree = "<group>";
		};
		91A5B65F2E3B058D00038DE9 /* Preview Content */ = {
			isa = PBXGroup;
			children = (
				91A5B6602E3B058D00038DE9 /* Preview Assets.xcassets */,
			);
			path = "Preview Content";
			sourceTree = "<group>";
		};
		91A5B6692E3B058E00038DE9 /* VeloiOSAppTests */ = {
			isa = PBXGroup;
			children = (
				91A5B66A2E3B058E00038DE9 /* VeloiOSAppTests.swift */,
			);
			path = VeloiOSAppTests;
			sourceTree = "<group>";
		};
		91A5B6732E3B058E00038DE9 /* VeloiOSAppUITests */ = {
			isa = PBXGroup;
			children = (
				91A5B6742E3B058E00038DE9 /* VeloiOSAppUITests.swift */,
				91A5B6762E3B058E00038DE9 /* VeloiOSAppUITestsLaunchTests.swift */,
			);
			path = VeloiOSAppUITests;
			sourceTree = "<group>";
		};
		91A5B6832E3B078300038DE9 /* Routing */ = {
			isa = PBXGroup;
			children = (
				91A5B6842E3B07A700038DE9 /* NavigationRouter.swift */,
			);
			path = Routing;
			sourceTree = "<group>";
		};
		91A5B6862E3B086F00038DE9 /* Features */ = {
			isa = PBXGroup;
			children = (
				E54008702E503FE900AF4B34 /* Search */,
				911BF2ED2E43C3B300CEEAB0 /* Routes */,
				91A5B68B2E3B0A3300038DE9 /* Auth */,
				91A5B6872E3B087600038DE9 /* Home */,
			);
			path = Features;
			sourceTree = "<group>";
		};
		91A5B6872E3B087600038DE9 /* Home */ = {
			isa = PBXGroup;
			children = (
				911B835B2E3BDA0E00281364 /* ViewModels */,
				91A5B6882E3B087F00038DE9 /* View */,
			);
			path = Home;
			sourceTree = "<group>";
		};
		91A5B6882E3B087F00038DE9 /* View */ = {
			isa = PBXGroup;
			children = (
				91A5B6892E3B088F00038DE9 /* HomeView.swift */,
			);
			path = View;
			sourceTree = "<group>";
		};
		91A5B68B2E3B0A3300038DE9 /* Auth */ = {
			isa = PBXGroup;
			children = (
				911B83622E3BFBC300281364 /* ViewModels */,
				91A5B68C2E3B0A3900038DE9 /* View */,
			);
			path = Auth;
			sourceTree = "<group>";
		};
		91A5B68C2E3B0A3900038DE9 /* View */ = {
			isa = PBXGroup;
			children = (
				91A5B68D2E3B0A4400038DE9 /* LoginView.swift */,
			);
			path = View;
			sourceTree = "<group>";
		};
		91A5B68F2E3B0E9D00038DE9 /* Services */ = {
			isa = PBXGroup;
			children = (
				911983802E42C59C0040C992 /* Auth */,
				91A5B6902E3B0EA700038DE9 /* Maps */,
			);
			path = Services;
			sourceTree = "<group>";
		};
		91A5B6902E3B0EA700038DE9 /* Maps */ = {
			isa = PBXGroup;
			children = (
				91A5B6912E3B0EBC00038DE9 /* MapsLocationService.swift */,
			);
			path = Maps;
			sourceTree = "<group>";
		};
		E54008702E503FE900AF4B34 /* Search */ = {
			isa = PBXGroup;
			children = (
				E54008712E503FEF00AF4B34 /* View */,
			);
			path = Search;
			sourceTree = "<group>";
		};
		E54008712E503FEF00AF4B34 /* View */ = {
			isa = PBXGroup;
			children = (
				E54008722E503FFF00AF4B34 /* SearchView.swift */,
			);
			path = View;
			sourceTree = "<group>";
		};
		E560B4602E526BB30074C5CB /* Stores */ = {
			isa = PBXGroup;
			children = (
				9119837B2E42C3460040C992 /* TokenStore.swift */,
			);
			path = Stores;
			sourceTree = "<group>";
		};
		E5AC97382E71EBD300B27508 /* ViewModels */ = {
			isa = PBXGroup;
			children = (
				E5AC97392E71EBDD00B27508 /* SavedRoutesViewModel.swift */,
			);
			path = ViewModels;
			sourceTree = "<group>";
		};
		E5AC973B2E71EC4900B27508 /* Models */ = {
			isa = PBXGroup;
			children = (
				E5AC973C2E71EC5400B27508 /* SavedRoutesModel.swift */,
			);
			path = Models;
			sourceTree = "<group>";
		};
/* End PBXGroup section */

/* Begin PBXNativeTarget section */
		91A5B6552E3B058900038DE9 /* VeloiOSApp */ = {
			isa = PBXNativeTarget;
			buildConfigurationList = 91A5B67A2E3B058E00038DE9 /* Build configuration list for PBXNativeTarget "VeloiOSApp" */;
			buildPhases = (
				91A5B6522E3B058900038DE9 /* Sources */,
				91A5B6532E3B058900038DE9 /* Frameworks */,
				91A5B6542E3B058900038DE9 /* Resources */,
			);
			buildRules = (
			);
			dependencies = (
			);
			name = VeloiOSApp;
			packageProductDependencies = (
				9119837E2E42C3CC0040C992 /* KeychainSwift */,
			);
			productName = VeloiOSApp;
			productReference = 91A5B6562E3B058900038DE9 /* Velo.app */;
			productType = "com.apple.product-type.application";
		};
		91A5B6652E3B058E00038DE9 /* VeloiOSAppTests */ = {
			isa = PBXNativeTarget;
			buildConfigurationList = 91A5B67D2E3B058E00038DE9 /* Build configuration list for PBXNativeTarget "VeloiOSAppTests" */;
			buildPhases = (
				91A5B6622E3B058E00038DE9 /* Sources */,
				91A5B6632E3B058E00038DE9 /* Frameworks */,
				91A5B6642E3B058E00038DE9 /* Resources */,
			);
			buildRules = (
			);
			dependencies = (
				91A5B6682E3B058E00038DE9 /* PBXTargetDependency */,
			);
			name = VeloiOSAppTests;
			productName = VeloiOSAppTests;
			productReference = 91A5B6662E3B058E00038DE9 /* VeloiOSAppTests.xctest */;
			productType = "com.apple.product-type.bundle.unit-test";
		};
		91A5B66F2E3B058E00038DE9 /* VeloiOSAppUITests */ = {
			isa = PBXNativeTarget;
			buildConfigurationList = 91A5B6802E3B058E00038DE9 /* Build configuration list for PBXNativeTarget "VeloiOSAppUITests" */;
			buildPhases = (
				91A5B66C2E3B058E00038DE9 /* Sources */,
				91A5B66D2E3B058E00038DE9 /* Frameworks */,
				91A5B66E2E3B058E00038DE9 /* Resources */,
			);
			buildRules = (
			);
			dependencies = (
				91A5B6722E3B058E00038DE9 /* PBXTargetDependency */,
			);
			name = VeloiOSAppUITests;
			productName = VeloiOSAppUITests;
			productReference = 91A5B6702E3B058E00038DE9 /* VeloiOSAppUITests.xctest */;
			productType = "com.apple.product-type.bundle.ui-testing";
		};
/* End PBXNativeTarget section */

/* Begin PBXProject section */
		91A5B64E2E3B058900038DE9 /* Project object */ = {
			isa = PBXProject;
			attributes = {
				BuildIndependentTargetsInParallel = 1;
				LastSwiftUpdateCheck = 1430;
				LastUpgradeCheck = 1430;
				TargetAttributes = {
					91A5B6552E3B058900038DE9 = {
						CreatedOnToolsVersion = 14.3.1;
					};
					91A5B6652E3B058E00038DE9 = {
						CreatedOnToolsVersion = 14.3.1;
						TestTargetID = 91A5B6552E3B058900038DE9;
					};
					91A5B66F2E3B058E00038DE9 = {
						CreatedOnToolsVersion = 14.3.1;
						TestTargetID = 91A5B6552E3B058900038DE9;
					};
				};
			};
			buildConfigurationList = 91A5B6512E3B058900038DE9 /* Build configuration list for PBXProject "VeloiOSApp" */;
			compatibilityVersion = "Xcode 14.0";
			developmentRegion = en;
			hasScannedForEncodings = 0;
			knownRegions = (
				en,
				Base,
			);
			mainGroup = 91A5B64D2E3B058900038DE9;
			packageReferences = (
				9119837D2E42C3CC0040C992 /* XCRemoteSwiftPackageReference "keychain-swift" */,
			);
			productRefGroup = 91A5B6572E3B058900038DE9 /* Products */;
			projectDirPath = "";
			projectRoot = "";
			targets = (
				91A5B6552E3B058900038DE9 /* VeloiOSApp */,
				91A5B6652E3B058E00038DE9 /* VeloiOSAppTests */,
				91A5B66F2E3B058E00038DE9 /* VeloiOSAppUITests */,
			);
		};
/* End PBXProject section */

/* Begin PBXResourcesBuildPhase section */
		91A5B6542E3B058900038DE9 /* Resources */ = {
			isa = PBXResourcesBuildPhase;
			buildActionMask = 2147483647;
			files = (
				91A50B272E3C63C60010E208 /* Outfit-VariableFont_wght.ttf in Resources */,
				91A5B6612E3B058D00038DE9 /* Preview Assets.xcassets in Resources */,
				91A5B65E2E3B058D00038DE9 /* Assets.xcassets in Resources */,
			);
			runOnlyForDeploymentPostprocessing = 0;
		};
		91A5B6642E3B058E00038DE9 /* Resources */ = {
			isa = PBXResourcesBuildPhase;
			buildActionMask = 2147483647;
			files = (
			);
			runOnlyForDeploymentPostprocessing = 0;
		};
		91A5B66E2E3B058E00038DE9 /* Resources */ = {
			isa = PBXResourcesBuildPhase;
			buildActionMask = 2147483647;
			files = (
			);
			runOnlyForDeploymentPostprocessing = 0;
		};
/* End PBXResourcesBuildPhase section */

/* Begin PBXSourcesBuildPhase section */
		91A5B6522E3B058900038DE9 /* Sources */ = {
			isa = PBXSourcesBuildPhase;
			buildActionMask = 2147483647;
			files = (
				9119837C2E42C3460040C992 /* TokenStore.swift in Sources */,
				91A5B68A2E3B088F00038DE9 /* HomeView.swift in Sources */,
				91A50B2A2E3C642C0010E208 /* VeloTextField.swift in Sources */,
				911983822E42C5AD0040C992 /* AuthService.swift in Sources */,
				911BF2F32E43CACB00CEEAB0 /* VeloRoundedCorner.swift in Sources */,
				E5AC973F2E71F03600B27508 /* DateExtensions.swift in Sources */,
				911B835D2E3BDA2A00281364 /* HomeViewModel.swift in Sources */,
				E5AC973A2E71EBEA00B27508 /* SavedRoutesViewModel.swift in Sources */,
				911B83612E3BE67400281364 /* MainAppView.swift in Sources */,
				91A5B65A2E3B058900038DE9 /* VeloiOSAppApp.swift in Sources */,
				911B83642E3BFBD700281364 /* LoginViewModel.swift in Sources */,
				91A50B212E3C603C0010E208 /* Font.swift in Sources */,
				E54008732E503FFF00AF4B34 /* SearchView.swift in Sources */,
				E5AC973D2E71EC5C00B27508 /* SavedRoutesModel.swift in Sources */,
				91A5B6922E3B0EBC00038DE9 /* MapsLocationService.swift in Sources */,
				91A5B68E2E3B0A4400038DE9 /* LoginView.swift in Sources */,
				911BF2F02E43C3E400CEEAB0 /* SavedRoutesView.swift in Sources */,
				91A5B6852E3B07A700038DE9 /* NavigationRouter.swift in Sources */,
			);
			runOnlyForDeploymentPostprocessing = 0;
		};
		91A5B6622E3B058E00038DE9 /* Sources */ = {
			isa = PBXSourcesBuildPhase;
			buildActionMask = 2147483647;
			files = (
				91A5B66B2E3B058E00038DE9 /* VeloiOSAppTests.swift in Sources */,
			);
			runOnlyForDeploymentPostprocessing = 0;
		};
		91A5B66C2E3B058E00038DE9 /* Sources */ = {
			isa = PBXSourcesBuildPhase;
			buildActionMask = 2147483647;
			files = (
				91A5B6772E3B058E00038DE9 /* VeloiOSAppUITestsLaunchTests.swift in Sources */,
				91A5B6752E3B058E00038DE9 /* VeloiOSAppUITests.swift in Sources */,
			);
			runOnlyForDeploymentPostprocessing = 0;
		};
/* End PBXSourcesBuildPhase section */

/* Begin PBXTargetDependency section */
		91A5B6682E3B058E00038DE9 /* PBXTargetDependency */ = {
			isa = PBXTargetDependency;
			target = 91A5B6552E3B058900038DE9 /* VeloiOSApp */;
			targetProxy = 91A5B6672E3B058E00038DE9 /* PBXContainerItemProxy */;
		};
		91A5B6722E3B058E00038DE9 /* PBXTargetDependency */ = {
			isa = PBXTargetDependency;
			target = 91A5B6552E3B058900038DE9 /* VeloiOSApp */;
			targetProxy = 91A5B6712E3B058E00038DE9 /* PBXContainerItemProxy */;
		};
/* End PBXTargetDependency section */

/* Begin XCBuildConfiguration section */
		91A5B6782E3B058E00038DE9 /* Debug */ = {
			isa = XCBuildConfiguration;
			buildSettings = {
				ALWAYS_SEARCH_USER_PATHS = NO;
				CLANG_ANALYZER_NONNULL = YES;
				CLANG_ANALYZER_NUMBER_OBJECT_CONVERSION = YES_AGGRESSIVE;
				CLANG_CXX_LANGUAGE_STANDARD = "gnu++20";
				CLANG_ENABLE_MODULES = YES;
				CLANG_ENABLE_OBJC_ARC = YES;
				CLANG_ENABLE_OBJC_WEAK = YES;
				CLANG_WARN_BLOCK_CAPTURE_AUTORELEASING = YES;
				CLANG_WARN_BOOL_CONVERSION = YES;
				CLANG_WARN_COMMA = YES;
				CLANG_WARN_CONSTANT_CONVERSION = YES;
				CLANG_WARN_DEPRECATED_OBJC_IMPLEMENTATIONS = YES;
				CLANG_WARN_DIRECT_OBJC_ISA_USAGE = YES_ERROR;
				CLANG_WARN_DOCUMENTATION_COMMENTS = YES;
				CLANG_WARN_EMPTY_BODY = YES;
				CLANG_WARN_ENUM_CONVERSION = YES;
				CLANG_WARN_INFINITE_RECURSION = YES;
				CLANG_WARN_INT_CONVERSION = YES;
				CLANG_WARN_NON_LITERAL_NULL_CONVERSION = YES;
				CLANG_WARN_OBJC_IMPLICIT_RETAIN_SELF = YES;
				CLANG_WARN_OBJC_LITERAL_CONVERSION = YES;
				CLANG_WARN_OBJC_ROOT_CLASS = YES_ERROR;
				CLANG_WARN_QUOTED_INCLUDE_IN_FRAMEWORK_HEADER = YES;
				CLANG_WARN_RANGE_LOOP_ANALYSIS = YES;
				CLANG_WARN_STRICT_PROTOTYPES = YES;
				CLANG_WARN_SUSPICIOUS_MOVE = YES;
				CLANG_WARN_UNGUARDED_AVAILABILITY = YES_AGGRESSIVE;
				CLANG_WARN_UNREACHABLE_CODE = YES;
				CLANG_WARN__DUPLICATE_METHOD_MATCH = YES;
				COPY_PHASE_STRIP = NO;
				DEBUG_INFORMATION_FORMAT = dwarf;
				ENABLE_STRICT_OBJC_MSGSEND = YES;
				ENABLE_TESTABILITY = YES;
				GCC_C_LANGUAGE_STANDARD = gnu11;
				GCC_DYNAMIC_NO_PIC = NO;
				GCC_NO_COMMON_BLOCKS = YES;
				GCC_OPTIMIZATION_LEVEL = 0;
				GCC_PREPROCESSOR_DEFINITIONS = (
					"DEBUG=1",
					"$(inherited)",
				);
				GCC_WARN_64_TO_32_BIT_CONVERSION = YES;
				GCC_WARN_ABOUT_RETURN_TYPE = YES_ERROR;
				GCC_WARN_UNDECLARED_SELECTOR = YES;
				GCC_WARN_UNINITIALIZED_AUTOS = YES_AGGRESSIVE;
				GCC_WARN_UNUSED_FUNCTION = YES;
				GCC_WARN_UNUSED_VARIABLE = YES;
				IPHONEOS_DEPLOYMENT_TARGET = 16.4;
				MTL_ENABLE_DEBUG_INFO = INCLUDE_SOURCE;
				MTL_FAST_MATH = YES;
				ONLY_ACTIVE_ARCH = YES;
				SDKROOT = iphoneos;
				SWIFT_ACTIVE_COMPILATION_CONDITIONS = DEBUG;
				SWIFT_OPTIMIZATION_LEVEL = "-Onone";
			};
			name = Debug;
		};
		91A5B6792E3B058E00038DE9 /* Release */ = {
			isa = XCBuildConfiguration;
			buildSettings = {
				ALWAYS_SEARCH_USER_PATHS = NO;
				CLANG_ANALYZER_NONNULL = YES;
				CLANG_ANALYZER_NUMBER_OBJECT_CONVERSION = YES_AGGRESSIVE;
				CLANG_CXX_LANGUAGE_STANDARD = "gnu++20";
				CLANG_ENABLE_MODULES = YES;
				CLANG_ENABLE_OBJC_ARC = YES;
				CLANG_ENABLE_OBJC_WEAK = YES;
				CLANG_WARN_BLOCK_CAPTURE_AUTORELEASING = YES;
				CLANG_WARN_BOOL_CONVERSION = YES;
				CLANG_WARN_COMMA = YES;
				CLANG_WARN_CONSTANT_CONVERSION = YES;
				CLANG_WARN_DEPRECATED_OBJC_IMPLEMENTATIONS = YES;
				CLANG_WARN_DIRECT_OBJC_ISA_USAGE = YES_ERROR;
				CLANG_WARN_DOCUMENTATION_COMMENTS = YES;
				CLANG_WARN_EMPTY_BODY = YES;
				CLANG_WARN_ENUM_CONVERSION = YES;
				CLANG_WARN_INFINITE_RECURSION = YES;
				CLANG_WARN_INT_CONVERSION = YES;
				CLANG_WARN_NON_LITERAL_NULL_CONVERSION = YES;
				CLANG_WARN_OBJC_IMPLICIT_RETAIN_SELF = YES;
				CLANG_WARN_OBJC_LITERAL_CONVERSION = YES;
				CLANG_WARN_OBJC_ROOT_CLASS = YES_ERROR;
				CLANG_WARN_QUOTED_INCLUDE_IN_FRAMEWORK_HEADER = YES;
				CLANG_WARN_RANGE_LOOP_ANALYSIS = YES;
				CLANG_WARN_STRICT_PROTOTYPES = YES;
				CLANG_WARN_SUSPICIOUS_MOVE = YES;
				CLANG_WARN_UNGUARDED_AVAILABILITY = YES_AGGRESSIVE;
				CLANG_WARN_UNREACHABLE_CODE = YES;
				CLANG_WARN__DUPLICATE_METHOD_MATCH = YES;
				COPY_PHASE_STRIP = NO;
				DEBUG_INFORMATION_FORMAT = "dwarf-with-dsym";
				ENABLE_NS_ASSERTIONS = NO;
				ENABLE_STRICT_OBJC_MSGSEND = YES;
				GCC_C_LANGUAGE_STANDARD = gnu11;
				GCC_NO_COMMON_BLOCKS = YES;
				GCC_WARN_64_TO_32_BIT_CONVERSION = YES;
				GCC_WARN_ABOUT_RETURN_TYPE = YES_ERROR;
				GCC_WARN_UNDECLARED_SELECTOR = YES;
				GCC_WARN_UNINITIALIZED_AUTOS = YES_AGGRESSIVE;
				GCC_WARN_UNUSED_FUNCTION = YES;
				GCC_WARN_UNUSED_VARIABLE = YES;
				IPHONEOS_DEPLOYMENT_TARGET = 16.4;
				MTL_ENABLE_DEBUG_INFO = NO;
				MTL_FAST_MATH = YES;
				SDKROOT = iphoneos;
				SWIFT_COMPILATION_MODE = wholemodule;
				SWIFT_OPTIMIZATION_LEVEL = "-O";
				VALIDATE_PRODUCT = YES;
			};
			name = Release;
		};
		91A5B67B2E3B058E00038DE9 /* Debug */ = {
			isa = XCBuildConfiguration;
			buildSettings = {
				ASSETCATALOG_COMPILER_APPICON_NAME = AppIcon;
				ASSETCATALOG_COMPILER_GLOBAL_ACCENT_COLOR_NAME = AccentColor;
				CODE_SIGN_STYLE = Automatic;
				CURRENT_PROJECT_VERSION = 1;
				DEVELOPMENT_ASSET_PATHS = "\"VeloiOSApp/Preview Content\"";
				DEVELOPMENT_TEAM = 5W8PAAS8ZN;
				ENABLE_PREVIEWS = YES;
				GENERATE_INFOPLIST_FILE = YES;
				INFOPLIST_FILE = VeloiOSApp/Info.plist;
				INFOPLIST_KEY_UIApplicationSceneManifest_Generation = YES;
				INFOPLIST_KEY_UIApplicationSupportsIndirectInputEvents = YES;
				INFOPLIST_KEY_UILaunchScreen_Generation = YES;
				INFOPLIST_KEY_UISupportedInterfaceOrientations_iPad = "UIInterfaceOrientationPortrait UIInterfaceOrientationPortraitUpsideDown UIInterfaceOrientationLandscapeLeft UIInterfaceOrientationLandscapeRight";
				INFOPLIST_KEY_UISupportedInterfaceOrientations_iPhone = "UIInterfaceOrientationPortrait UIInterfaceOrientationLandscapeLeft UIInterfaceOrientationLandscapeRight";
				IPHONEOS_DEPLOYMENT_TARGET = 26.0;
				LD_RUNPATH_SEARCH_PATHS = (
					"$(inherited)",
					"@executable_path/Frameworks",
				);
				MARKETING_VERSION = 1.0;
				PRODUCT_BUNDLE_IDENTIFIER = com.velo.VeloiOSApp;
				PRODUCT_NAME = Velo;
				SWIFT_EMIT_LOC_STRINGS = YES;
				SWIFT_VERSION = 5.0;
				TARGETED_DEVICE_FAMILY = "1,2";
			};
			name = Debug;
		};
		91A5B67C2E3B058E00038DE9 /* Release */ = {
			isa = XCBuildConfiguration;
			buildSettings = {
				ASSETCATALOG_COMPILER_APPICON_NAME = AppIcon;
				ASSETCATALOG_COMPILER_GLOBAL_ACCENT_COLOR_NAME = AccentColor;
				CODE_SIGN_STYLE = Automatic;
				CURRENT_PROJECT_VERSION = 1;
				DEVELOPMENT_ASSET_PATHS = "\"VeloiOSApp/Preview Content\"";
				DEVELOPMENT_TEAM = 5W8PAAS8ZN;
				ENABLE_PREVIEWS = YES;
				GENERATE_INFOPLIST_FILE = YES;
				INFOPLIST_FILE = VeloiOSApp/Info.plist;
				INFOPLIST_KEY_UIApplicationSceneManifest_Generation = YES;
				INFOPLIST_KEY_UIApplicationSupportsIndirectInputEvents = YES;
				INFOPLIST_KEY_UILaunchScreen_Generation = YES;
				INFOPLIST_KEY_UISupportedInterfaceOrientations_iPad = "UIInterfaceOrientationPortrait UIInterfaceOrientationPortraitUpsideDown UIInterfaceOrientationLandscapeLeft UIInterfaceOrientationLandscapeRight";
				INFOPLIST_KEY_UISupportedInterfaceOrientations_iPhone = "UIInterfaceOrientationPortrait UIInterfaceOrientationLandscapeLeft UIInterfaceOrientationLandscapeRight";
				IPHONEOS_DEPLOYMENT_TARGET = 26.0;
				LD_RUNPATH_SEARCH_PATHS = (
					"$(inherited)",
					"@executable_path/Frameworks",
				);
				MARKETING_VERSION = 1.0;
				PRODUCT_BUNDLE_IDENTIFIER = com.velo.VeloiOSApp;
				PRODUCT_NAME = Velo;
				SWIFT_EMIT_LOC_STRINGS = YES;
				SWIFT_VERSION = 5.0;
				TARGETED_DEVICE_FAMILY = "1,2";
			};
			name = Release;
		};
		91A5B67E2E3B058E00038DE9 /* Debug */ = {
			isa = XCBuildConfiguration;
			buildSettings = {
				ALWAYS_EMBED_SWIFT_STANDARD_LIBRARIES = YES;
				BUNDLE_LOADER = "$(TEST_HOST)";
				CODE_SIGN_STYLE = Automatic;
				CURRENT_PROJECT_VERSION = 1;
				GENERATE_INFOPLIST_FILE = YES;
				IPHONEOS_DEPLOYMENT_TARGET = 16.4;
				MARKETING_VERSION = 1.0;
				PRODUCT_BUNDLE_IDENTIFIER = com.velo.VeloiOSAppTests;
				PRODUCT_NAME = "$(TARGET_NAME)";
				SWIFT_EMIT_LOC_STRINGS = NO;
				SWIFT_VERSION = 5.0;
				TARGETED_DEVICE_FAMILY = "1,2";
				TEST_HOST = "$(BUILT_PRODUCTS_DIR)/VeloiOSApp.app/$(BUNDLE_EXECUTABLE_FOLDER_PATH)/VeloiOSApp";
			};
			name = Debug;
		};
		91A5B67F2E3B058E00038DE9 /* Release */ = {
			isa = XCBuildConfiguration;
			buildSettings = {
				ALWAYS_EMBED_SWIFT_STANDARD_LIBRARIES = YES;
				BUNDLE_LOADER = "$(TEST_HOST)";
				CODE_SIGN_STYLE = Automatic;
				CURRENT_PROJECT_VERSION = 1;
				GENERATE_INFOPLIST_FILE = YES;
				IPHONEOS_DEPLOYMENT_TARGET = 16.4;
				MARKETING_VERSION = 1.0;
				PRODUCT_BUNDLE_IDENTIFIER = com.velo.VeloiOSAppTests;
				PRODUCT_NAME = "$(TARGET_NAME)";
				SWIFT_EMIT_LOC_STRINGS = NO;
				SWIFT_VERSION = 5.0;
				TARGETED_DEVICE_FAMILY = "1,2";
				TEST_HOST = "$(BUILT_PRODUCTS_DIR)/VeloiOSApp.app/$(BUNDLE_EXECUTABLE_FOLDER_PATH)/VeloiOSApp";
			};
			name = Release;
		};
		91A5B6812E3B058E00038DE9 /* Debug */ = {
			isa = XCBuildConfiguration;
			buildSettings = {
				ALWAYS_EMBED_SWIFT_STANDARD_LIBRARIES = YES;
				CODE_SIGN_STYLE = Automatic;
				CURRENT_PROJECT_VERSION = 1;
				GENERATE_INFOPLIST_FILE = YES;
				MARKETING_VERSION = 1.0;
				PRODUCT_BUNDLE_IDENTIFIER = com.velo.VeloiOSAppUITests;
				PRODUCT_NAME = "$(TARGET_NAME)";
				SWIFT_EMIT_LOC_STRINGS = NO;
				SWIFT_VERSION = 5.0;
				TARGETED_DEVICE_FAMILY = "1,2";
				TEST_TARGET_NAME = VeloiOSApp;
			};
			name = Debug;
		};
		91A5B6822E3B058E00038DE9 /* Release */ = {
			isa = XCBuildConfiguration;
			buildSettings = {
				ALWAYS_EMBED_SWIFT_STANDARD_LIBRARIES = YES;
				CODE_SIGN_STYLE = Automatic;
				CURRENT_PROJECT_VERSION = 1;
				GENERATE_INFOPLIST_FILE = YES;
				MARKETING_VERSION = 1.0;
				PRODUCT_BUNDLE_IDENTIFIER = com.velo.VeloiOSAppUITests;
				PRODUCT_NAME = "$(TARGET_NAME)";
				SWIFT_EMIT_LOC_STRINGS = NO;
				SWIFT_VERSION = 5.0;
				TARGETED_DEVICE_FAMILY = "1,2";
				TEST_TARGET_NAME = VeloiOSApp;
			};
			name = Release;
		};
/* End XCBuildConfiguration section */

/* Begin XCConfigurationList section */
		91A5B6512E3B058900038DE9 /* Build configuration list for PBXProject "VeloiOSApp" */ = {
			isa = XCConfigurationList;
			buildConfigurations = (
				91A5B6782E3B058E00038DE9 /* Debug */,
				91A5B6792E3B058E00038DE9 /* Release */,
			);
			defaultConfigurationIsVisible = 0;
			defaultConfigurationName = Release;
		};
		91A5B67A2E3B058E00038DE9 /* Build configuration list for PBXNativeTarget "VeloiOSApp" */ = {
			isa = XCConfigurationList;
			buildConfigurations = (
				91A5B67B2E3B058E00038DE9 /* Debug */,
				91A5B67C2E3B058E00038DE9 /* Release */,
			);
			defaultConfigurationIsVisible = 0;
			defaultConfigurationName = Release;
		};
		91A5B67D2E3B058E00038DE9 /* Build configuration list for PBXNativeTarget "VeloiOSAppTests" */ = {
			isa = XCConfigurationList;
			buildConfigurations = (
				91A5B67E2E3B058E00038DE9 /* Debug */,
				91A5B67F2E3B058E00038DE9 /* Release */,
			);
			defaultConfigurationIsVisible = 0;
			defaultConfigurationName = Release;
		};
		91A5B6802E3B058E00038DE9 /* Build configuration list for PBXNativeTarget "VeloiOSAppUITests" */ = {
			isa = XCConfigurationList;
			buildConfigurations = (
				91A5B6812E3B058E00038DE9 /* Debug */,
				91A5B6822E3B058E00038DE9 /* Release */,
			);
			defaultConfigurationIsVisible = 0;
			defaultConfigurationName = Release;
		};
/* End XCConfigurationList section */

/* Begin XCRemoteSwiftPackageReference section */
		9119837D2E42C3CC0040C992 /* XCRemoteSwiftPackageReference "keychain-swift" */ = {
			isa = XCRemoteSwiftPackageReference;
			repositoryURL = "https://github.com/evgenyneu/keychain-swift";
			requirement = {
				kind = upToNextMajorVersion;
				minimumVersion = 24.0.0;
			};
		};
/* End XCRemoteSwiftPackageReference section */

/* Begin XCSwiftPackageProductDependency section */
		9119837E2E42C3CC0040C992 /* KeychainSwift */ = {
			isa = XCSwiftPackageProductDependency;
			package = 9119837D2E42C3CC0040C992 /* XCRemoteSwiftPackageReference "keychain-swift" */;
			productName = KeychainSwift;
		};
/* End XCSwiftPackageProductDependency section */
	};
	rootObject = 91A5B64E2E3B058900038DE9 /* Project object */;
}
